// !$*UTF8*$!
{
	archiveVersion = 1;
	classes = {
	};
	objectVersion = 50;
	objects = {

/* Begin PBXBuildFile section */
		0003E5AA24FB686400661089 /* AppDelegate.swift in Sources */ = {isa = PBXBuildFile; fileRef = 0003E5A924FB686400661089 /* AppDelegate.swift */; };
		0003E5AC24FB686400661089 /* SceneDelegate.swift in Sources */ = {isa = PBXBuildFile; fileRef = 0003E5AB24FB686400661089 /* SceneDelegate.swift */; };
		0003E5AE24FB686400661089 /* LandingViewController.swift in Sources */ = {isa = PBXBuildFile; fileRef = 0003E5AD24FB686400661089 /* LandingViewController.swift */; };
		0003E5C124FB686700661089 /* DinukaThilakarathne_COBSCCOMP191P_047Tests.swift in Sources */ = {isa = PBXBuildFile; fileRef = 0003E5C024FB686700661089 /* DinukaThilakarathne_COBSCCOMP191P_047Tests.swift */; };
		0003E5CC24FB686700661089 /* DinukaThilakarathne_COBSCCOMP191P_047UITests.swift in Sources */ = {isa = PBXBuildFile; fileRef = 0003E5CB24FB686700661089 /* DinukaThilakarathne_COBSCCOMP191P_047UITests.swift */; };
		0003E5FE24FB6AB200661089 /* Assets.xcassets in Resources */ = {isa = PBXBuildFile; fileRef = 0003E5FD24FB6AB200661089 /* Assets.xcassets */; };
		0003E60024FB6AC600661089 /* Localizable.strings in Resources */ = {isa = PBXBuildFile; fileRef = 0003E5FF24FB6AC600661089 /* Localizable.strings */; };
		0003E60424FB72B700661089 /* Fonts.swift in Sources */ = {isa = PBXBuildFile; fileRef = 0003E60124FB72B700661089 /* Fonts.swift */; };
		0003E60524FB72B700661089 /* Strings.swift in Sources */ = {isa = PBXBuildFile; fileRef = 0003E60224FB72B700661089 /* Strings.swift */; };
		0003E60624FB72B700661089 /* Assets.swift in Sources */ = {isa = PBXBuildFile; fileRef = 0003E60324FB72B700661089 /* Assets.swift */; };
		006329D924FBB2E000B418F2 /* Abel-Regular.ttf in Resources */ = {isa = PBXBuildFile; fileRef = 0003E5FA24FB6A5100661089 /* Abel-Regular.ttf */; };
		006329DA24FBB2E500B418F2 /* BebasNeue-Regular.ttf in Resources */ = {isa = PBXBuildFile; fileRef = 0003E5F924FB6A5100661089 /* BebasNeue-Regular.ttf */; };
		0093230524FBBE17007427E6 /* RoundedTextField.swift in Sources */ = {isa = PBXBuildFile; fileRef = 0093230424FBBE17007427E6 /* RoundedTextField.swift */; };
		0093230724FBBE22007427E6 /* RoundedTextField.xib in Resources */ = {isa = PBXBuildFile; fileRef = 0093230624FBBE22007427E6 /* RoundedTextField.xib */; };
		0093230A24FBCC93007427E6 /* UILabel+Extension.swift in Sources */ = {isa = PBXBuildFile; fileRef = 0093230924FBCC93007427E6 /* UILabel+Extension.swift */; };
		00B7EAEE24FBD44A009E9DF1 /* LandingController.swift in Sources */ = {isa = PBXBuildFile; fileRef = 00B7EAED24FBD44A009E9DF1 /* LandingController.swift */; };
		00B7EAF124FBE4BC009E9DF1 /* AlertDialog.swift in Sources */ = {isa = PBXBuildFile; fileRef = 00B7EAF024FBE4BC009E9DF1 /* AlertDialog.swift */; };
		00B7EAF324FBF958009E9DF1 /* GoogleService-Info.plist in Resources */ = {isa = PBXBuildFile; fileRef = 00B7EAF224FBF958009E9DF1 /* GoogleService-Info.plist */; };
		00B7EAF624FC0D88009E9DF1 /* HomeTabController.swift in Sources */ = {isa = PBXBuildFile; fileRef = 00B7EAF524FC0D88009E9DF1 /* HomeTabController.swift */; };
		00B7EAF824FC0D96009E9DF1 /* Home.storyboard in Resources */ = {isa = PBXBuildFile; fileRef = 00B7EAF724FC0D96009E9DF1 /* Home.storyboard */; };
		00FE605E24FB754100D93505 /* Main.storyboard in Resources */ = {isa = PBXBuildFile; fileRef = 00FE605D24FB754100D93505 /* Main.storyboard */; };
		00FE606224FB75F000D93505 /* LaunchScreen.storyboard in Resources */ = {isa = PBXBuildFile; fileRef = 00FE606124FB75F000D93505 /* LaunchScreen.storyboard */; };
		00FE606524FB769500D93505 /* RoundedButton.swift in Sources */ = {isa = PBXBuildFile; fileRef = 00FE606424FB769500D93505 /* RoundedButton.swift */; };
		00FE606724FB76A300D93505 /* RoundedButton.xib in Resources */ = {isa = PBXBuildFile; fileRef = 00FE606624FB76A300D93505 /* RoundedButton.xib */; };
		FA9956605AC484AAD7AE1174 /* libPods-DinukaThilakarathne-COBSCCOMP191P-047.a in Frameworks */ = {isa = PBXBuildFile; fileRef = 6AE49655CEB391FEC69EC558 /* libPods-DinukaThilakarathne-COBSCCOMP191P-047.a */; };
/* End PBXBuildFile section */

/* Begin PBXContainerItemProxy section */
		0003E5BD24FB686700661089 /* PBXContainerItemProxy */ = {
			isa = PBXContainerItemProxy;
			containerPortal = 0003E59E24FB686400661089 /* Project object */;
			proxyType = 1;
			remoteGlobalIDString = 0003E5A524FB686400661089;
			remoteInfo = "DinukaThilakarathne-COBSCCOMP191P-047";
		};
		0003E5C824FB686700661089 /* PBXContainerItemProxy */ = {
			isa = PBXContainerItemProxy;
			containerPortal = 0003E59E24FB686400661089 /* Project object */;
			proxyType = 1;
			remoteGlobalIDString = 0003E5A524FB686400661089;
			remoteInfo = "DinukaThilakarathne-COBSCCOMP191P-047";
		};
/* End PBXContainerItemProxy section */

/* Begin PBXFileReference section */
		0003E5A624FB686400661089 /* DinukaThilakarathne-COBSCCOMP191P-047.app */ = {isa = PBXFileReference; explicitFileType = wrapper.application; includeInIndex = 0; path = "DinukaThilakarathne-COBSCCOMP191P-047.app"; sourceTree = BUILT_PRODUCTS_DIR; };
		0003E5A924FB686400661089 /* AppDelegate.swift */ = {isa = PBXFileReference; lastKnownFileType = sourcecode.swift; name = AppDelegate.swift; path = ../AppDelegate.swift; sourceTree = "<group>"; };
		0003E5AB24FB686400661089 /* SceneDelegate.swift */ = {isa = PBXFileReference; lastKnownFileType = sourcecode.swift; name = SceneDelegate.swift; path = ../SceneDelegate.swift; sourceTree = "<group>"; };
		0003E5AD24FB686400661089 /* LandingViewController.swift */ = {isa = PBXFileReference; lastKnownFileType = sourcecode.swift; name = LandingViewController.swift; path = ../../LandingViewController.swift; sourceTree = "<group>"; };
		0003E5B724FB686700661089 /* Info.plist */ = {isa = PBXFileReference; lastKnownFileType = text.plist.xml; path = Info.plist; sourceTree = "<group>"; };
		0003E5BC24FB686700661089 /* DinukaThilakarathne-COBSCCOMP191P-047Tests.xctest */ = {isa = PBXFileReference; explicitFileType = wrapper.cfbundle; includeInIndex = 0; path = "DinukaThilakarathne-COBSCCOMP191P-047Tests.xctest"; sourceTree = BUILT_PRODUCTS_DIR; };
		0003E5C024FB686700661089 /* DinukaThilakarathne_COBSCCOMP191P_047Tests.swift */ = {isa = PBXFileReference; lastKnownFileType = sourcecode.swift; path = DinukaThilakarathne_COBSCCOMP191P_047Tests.swift; sourceTree = "<group>"; };
		0003E5C224FB686700661089 /* Info.plist */ = {isa = PBXFileReference; lastKnownFileType = text.plist.xml; path = Info.plist; sourceTree = "<group>"; };
		0003E5C724FB686700661089 /* DinukaThilakarathne-COBSCCOMP191P-047UITests.xctest */ = {isa = PBXFileReference; explicitFileType = wrapper.cfbundle; includeInIndex = 0; path = "DinukaThilakarathne-COBSCCOMP191P-047UITests.xctest"; sourceTree = BUILT_PRODUCTS_DIR; };
		0003E5CB24FB686700661089 /* DinukaThilakarathne_COBSCCOMP191P_047UITests.swift */ = {isa = PBXFileReference; lastKnownFileType = sourcecode.swift; path = DinukaThilakarathne_COBSCCOMP191P_047UITests.swift; sourceTree = "<group>"; };
		0003E5CD24FB686700661089 /* Info.plist */ = {isa = PBXFileReference; lastKnownFileType = text.plist.xml; path = Info.plist; sourceTree = "<group>"; };
		0003E5F924FB6A5100661089 /* BebasNeue-Regular.ttf */ = {isa = PBXFileReference; lastKnownFileType = file; path = "BebasNeue-Regular.ttf"; sourceTree = "<group>"; };
		0003E5FA24FB6A5100661089 /* Abel-Regular.ttf */ = {isa = PBXFileReference; lastKnownFileType = file; path = "Abel-Regular.ttf"; sourceTree = "<group>"; };
		0003E5FD24FB6AB200661089 /* Assets.xcassets */ = {isa = PBXFileReference; lastKnownFileType = folder.assetcatalog; path = Assets.xcassets; sourceTree = "<group>"; };
		0003E5FF24FB6AC600661089 /* Localizable.strings */ = {isa = PBXFileReference; lastKnownFileType = text.plist.strings; path = Localizable.strings; sourceTree = "<group>"; };
		0003E60124FB72B700661089 /* Fonts.swift */ = {isa = PBXFileReference; fileEncoding = 4; lastKnownFileType = sourcecode.swift; path = Fonts.swift; sourceTree = "<group>"; };
		0003E60224FB72B700661089 /* Strings.swift */ = {isa = PBXFileReference; fileEncoding = 4; lastKnownFileType = sourcecode.swift; path = Strings.swift; sourceTree = "<group>"; };
		0003E60324FB72B700661089 /* Assets.swift */ = {isa = PBXFileReference; fileEncoding = 4; lastKnownFileType = sourcecode.swift; path = Assets.swift; sourceTree = "<group>"; };
		0093230424FBBE17007427E6 /* RoundedTextField.swift */ = {isa = PBXFileReference; lastKnownFileType = sourcecode.swift; path = RoundedTextField.swift; sourceTree = "<group>"; };
		0093230624FBBE22007427E6 /* RoundedTextField.xib */ = {isa = PBXFileReference; lastKnownFileType = file.xib; path = RoundedTextField.xib; sourceTree = "<group>"; };
		0093230924FBCC93007427E6 /* UILabel+Extension.swift */ = {isa = PBXFileReference; lastKnownFileType = sourcecode.swift; path = "UILabel+Extension.swift"; sourceTree = "<group>"; };
		00B7EAED24FBD44A009E9DF1 /* LandingController.swift */ = {isa = PBXFileReference; lastKnownFileType = sourcecode.swift; path = LandingController.swift; sourceTree = "<group>"; };
		00B7EAF024FBE4BC009E9DF1 /* AlertDialog.swift */ = {isa = PBXFileReference; lastKnownFileType = sourcecode.swift; path = AlertDialog.swift; sourceTree = "<group>"; };
		00B7EAF224FBF958009E9DF1 /* GoogleService-Info.plist */ = {isa = PBXFileReference; fileEncoding = 4; lastKnownFileType = text.plist.xml; path = "GoogleService-Info.plist"; sourceTree = "<group>"; };
		00B7EAF524FC0D88009E9DF1 /* HomeTabController.swift */ = {isa = PBXFileReference; lastKnownFileType = sourcecode.swift; path = HomeTabController.swift; sourceTree = "<group>"; };
		00B7EAF724FC0D96009E9DF1 /* Home.storyboard */ = {isa = PBXFileReference; lastKnownFileType = file.storyboard; path = Home.storyboard; sourceTree = "<group>"; };
		00FE605D24FB754100D93505 /* Main.storyboard */ = {isa = PBXFileReference; lastKnownFileType = file.storyboard; path = Main.storyboard; sourceTree = "<group>"; };
		00FE606124FB75F000D93505 /* LaunchScreen.storyboard */ = {isa = PBXFileReference; lastKnownFileType = file.storyboard; path = LaunchScreen.storyboard; sourceTree = "<group>"; };
		00FE606424FB769500D93505 /* RoundedButton.swift */ = {isa = PBXFileReference; lastKnownFileType = sourcecode.swift; path = RoundedButton.swift; sourceTree = "<group>"; };
		00FE606624FB76A300D93505 /* RoundedButton.xib */ = {isa = PBXFileReference; lastKnownFileType = file.xib; path = RoundedButton.xib; sourceTree = "<group>"; };
		459F37F47305922E8C4F7144 /* Pods-DinukaThilakarathne-COBSCCOMP191P-047.release.xcconfig */ = {isa = PBXFileReference; includeInIndex = 1; lastKnownFileType = text.xcconfig; name = "Pods-DinukaThilakarathne-COBSCCOMP191P-047.release.xcconfig"; path = "Target Support Files/Pods-DinukaThilakarathne-COBSCCOMP191P-047/Pods-DinukaThilakarathne-COBSCCOMP191P-047.release.xcconfig"; sourceTree = "<group>"; };
		555B7629C41D41860B0522D8 /* Pods-DinukaThilakarathne-COBSCCOMP191P-047.debug.xcconfig */ = {isa = PBXFileReference; includeInIndex = 1; lastKnownFileType = text.xcconfig; name = "Pods-DinukaThilakarathne-COBSCCOMP191P-047.debug.xcconfig"; path = "Target Support Files/Pods-DinukaThilakarathne-COBSCCOMP191P-047/Pods-DinukaThilakarathne-COBSCCOMP191P-047.debug.xcconfig"; sourceTree = "<group>"; };
		6AE49655CEB391FEC69EC558 /* libPods-DinukaThilakarathne-COBSCCOMP191P-047.a */ = {isa = PBXFileReference; explicitFileType = archive.ar; includeInIndex = 0; path = "libPods-DinukaThilakarathne-COBSCCOMP191P-047.a"; sourceTree = BUILT_PRODUCTS_DIR; };
/* End PBXFileReference section */

/* Begin PBXFrameworksBuildPhase section */
		0003E5A324FB686400661089 /* Frameworks */ = {
			isa = PBXFrameworksBuildPhase;
			buildActionMask = 2147483647;
			files = (
				FA9956605AC484AAD7AE1174 /* libPods-DinukaThilakarathne-COBSCCOMP191P-047.a in Frameworks */,
			);
			runOnlyForDeploymentPostprocessing = 0;
		};
		0003E5B924FB686700661089 /* Frameworks */ = {
			isa = PBXFrameworksBuildPhase;
			buildActionMask = 2147483647;
			files = (
			);
			runOnlyForDeploymentPostprocessing = 0;
		};
		0003E5C424FB686700661089 /* Frameworks */ = {
			isa = PBXFrameworksBuildPhase;
			buildActionMask = 2147483647;
			files = (
			);
			runOnlyForDeploymentPostprocessing = 0;
		};
/* End PBXFrameworksBuildPhase section */

/* Begin PBXGroup section */
		0003E59D24FB686400661089 = {
			isa = PBXGroup;
			children = (
				0003E5A824FB686400661089 /* DinukaThilakarathne-COBSCCOMP191P-047 */,
				0003E5BF24FB686700661089 /* DinukaThilakarathne-COBSCCOMP191P-047Tests */,
				0003E5CA24FB686700661089 /* DinukaThilakarathne-COBSCCOMP191P-047UITests */,
				0003E5A724FB686400661089 /* Products */,
				741B47874813A128EEC4B59A /* Pods */,
				44129D58A076A7E7DC2F4456 /* Frameworks */,
			);
			sourceTree = "<group>";
		};
		0003E5A724FB686400661089 /* Products */ = {
			isa = PBXGroup;
			children = (
				0003E5A624FB686400661089 /* DinukaThilakarathne-COBSCCOMP191P-047.app */,
				0003E5BC24FB686700661089 /* DinukaThilakarathne-COBSCCOMP191P-047Tests.xctest */,
				0003E5C724FB686700661089 /* DinukaThilakarathne-COBSCCOMP191P-047UITests.xctest */,
			);
			name = Products;
			sourceTree = "<group>";
		};
		0003E5A824FB686400661089 /* DinukaThilakarathne-COBSCCOMP191P-047 */ = {
			isa = PBXGroup;
			children = (
				0093230824FBCC4C007427E6 /* Extensions */,
				0003E5D924FB695F00661089 /* App */,
				0003E5DA24FB696700661089 /* Scenes */,
				00FE606324FB767E00D93505 /* UI */,
				0003E5DD24FB698F00661089 /* Resources */,
				0003E5B724FB686700661089 /* Info.plist */,
				00B7EAF224FBF958009E9DF1 /* GoogleService-Info.plist */,
			);
			path = "DinukaThilakarathne-COBSCCOMP191P-047";
			sourceTree = "<group>";
		};
		0003E5BF24FB686700661089 /* DinukaThilakarathne-COBSCCOMP191P-047Tests */ = {
			isa = PBXGroup;
			children = (
				0003E5C024FB686700661089 /* DinukaThilakarathne_COBSCCOMP191P_047Tests.swift */,
				0003E5C224FB686700661089 /* Info.plist */,
			);
			path = "DinukaThilakarathne-COBSCCOMP191P-047Tests";
			sourceTree = "<group>";
		};
		0003E5CA24FB686700661089 /* DinukaThilakarathne-COBSCCOMP191P-047UITests */ = {
			isa = PBXGroup;
			children = (
				0003E5CB24FB686700661089 /* DinukaThilakarathne_COBSCCOMP191P_047UITests.swift */,
				0003E5CD24FB686700661089 /* Info.plist */,
			);
			path = "DinukaThilakarathne-COBSCCOMP191P-047UITests";
			sourceTree = "<group>";
		};
		0003E5D924FB695F00661089 /* App */ = {
			isa = PBXGroup;
			children = (
				0003E5A924FB686400661089 /* AppDelegate.swift */,
				0003E5AB24FB686400661089 /* SceneDelegate.swift */,
			);
			path = App;
			sourceTree = "<group>";
		};
		0003E5DA24FB696700661089 /* Scenes */ = {
			isa = PBXGroup;
			children = (
				00B7EAF424FC0D6B009E9DF1 /* HomeScreen */,
				0003E5DB24FB697000661089 /* LandingScreen */,
				0003E5DC24FB698100661089 /* LaunchScreen */,
			);
			path = Scenes;
			sourceTree = "<group>";
		};
		0003E5DB24FB697000661089 /* LandingScreen */ = {
			isa = PBXGroup;
			children = (
				0003E5AD24FB686400661089 /* LandingViewController.swift */,
				00B7EAED24FBD44A009E9DF1 /* LandingController.swift */,
				00FE605D24FB754100D93505 /* Main.storyboard */,
			);
			path = LandingScreen;
			sourceTree = "<group>";
		};
		0003E5DC24FB698100661089 /* LaunchScreen */ = {
			isa = PBXGroup;
			children = (
				00FE606124FB75F000D93505 /* LaunchScreen.storyboard */,
			);
			path = LaunchScreen;
			sourceTree = "<group>";
		};
		0003E5DD24FB698F00661089 /* Resources */ = {
			isa = PBXGroup;
			children = (
				0003E5FD24FB6AB200661089 /* Assets.xcassets */,
				0003E5FC24FB6A6E00661089 /* Generated */,
				0003E5FB24FB6A5D00661089 /* Strings */,
				0003E5F824FB6A4400661089 /* Fonts */,
			);
			path = Resources;
			sourceTree = "<group>";
		};
		0003E5F824FB6A4400661089 /* Fonts */ = {
			isa = PBXGroup;
			children = (
				0003E5FA24FB6A5100661089 /* Abel-Regular.ttf */,
				0003E5F924FB6A5100661089 /* BebasNeue-Regular.ttf */,
			);
			path = Fonts;
			sourceTree = "<group>";
		};
		0003E5FB24FB6A5D00661089 /* Strings */ = {
			isa = PBXGroup;
			children = (
				0003E5FF24FB6AC600661089 /* Localizable.strings */,
			);
			path = Strings;
			sourceTree = "<group>";
		};
		0003E5FC24FB6A6E00661089 /* Generated */ = {
			isa = PBXGroup;
			children = (
				0003E60324FB72B700661089 /* Assets.swift */,
				0003E60124FB72B700661089 /* Fonts.swift */,
				0003E60224FB72B700661089 /* Strings.swift */,
			);
			path = Generated;
			sourceTree = "<group>";
		};
		0093230324FBBD75007427E6 /* TextField */ = {
			isa = PBXGroup;
			children = (
				0093230424FBBE17007427E6 /* RoundedTextField.swift */,
				0093230624FBBE22007427E6 /* RoundedTextField.xib */,
			);
			path = TextField;
			sourceTree = "<group>";
		};
		0093230824FBCC4C007427E6 /* Extensions */ = {
			isa = PBXGroup;
			children = (
				0093230924FBCC93007427E6 /* UILabel+Extension.swift */,
			);
			path = Extensions;
			sourceTree = "<group>";
		};
		00B7EAEF24FBE497009E9DF1 /* Alerts */ = {
			isa = PBXGroup;
			children = (
				00B7EAF024FBE4BC009E9DF1 /* AlertDialog.swift */,
			);
			path = Alerts;
			sourceTree = "<group>";
		};
		00B7EAF424FC0D6B009E9DF1 /* HomeScreen */ = {
			isa = PBXGroup;
			children = (
				00B7EAF524FC0D88009E9DF1 /* HomeTabController.swift */,
				00B7EAF724FC0D96009E9DF1 /* Home.storyboard */,
			);
			path = HomeScreen;
			sourceTree = "<group>";
		};
		00FE606324FB767E00D93505 /* UI */ = {
			isa = PBXGroup;
			children = (
				00B7EAEF24FBE497009E9DF1 /* Alerts */,
				0093230324FBBD75007427E6 /* TextField */,
				00FE606824FB76AF00D93505 /* Buttons */,
			);
			path = UI;
			sourceTree = "<group>";
		};
		00FE606824FB76AF00D93505 /* Buttons */ = {
			isa = PBXGroup;
			children = (
				00FE606924FB76B700D93505 /* RoundedButton */,
			);
			path = Buttons;
			sourceTree = "<group>";
		};
		00FE606924FB76B700D93505 /* RoundedButton */ = {
			isa = PBXGroup;
			children = (
				00FE606424FB769500D93505 /* RoundedButton.swift */,
				00FE606624FB76A300D93505 /* RoundedButton.xib */,
			);
			path = RoundedButton;
			sourceTree = "<group>";
		};
		44129D58A076A7E7DC2F4456 /* Frameworks */ = {
			isa = PBXGroup;
			children = (
				6AE49655CEB391FEC69EC558 /* libPods-DinukaThilakarathne-COBSCCOMP191P-047.a */,
			);
			name = Frameworks;
			sourceTree = "<group>";
		};
		741B47874813A128EEC4B59A /* Pods */ = {
			isa = PBXGroup;
			children = (
				555B7629C41D41860B0522D8 /* Pods-DinukaThilakarathne-COBSCCOMP191P-047.debug.xcconfig */,
				459F37F47305922E8C4F7144 /* Pods-DinukaThilakarathne-COBSCCOMP191P-047.release.xcconfig */,
			);
			path = Pods;
			sourceTree = "<group>";
		};
/* End PBXGroup section */

/* Begin PBXNativeTarget section */
		0003E5A524FB686400661089 /* DinukaThilakarathne-COBSCCOMP191P-047 */ = {
			isa = PBXNativeTarget;
			buildConfigurationList = 0003E5D024FB686700661089 /* Build configuration list for PBXNativeTarget "DinukaThilakarathne-COBSCCOMP191P-047" */;
			buildPhases = (
				2BF420542A9F252EBFB489C5 /* [CP] Check Pods Manifest.lock */,
				0003E5A224FB686400661089 /* Sources */,
				0003E5A324FB686400661089 /* Frameworks */,
				0003E5A424FB686400661089 /* Resources */,
			);
			buildRules = (
			);
			dependencies = (
			);
			name = "DinukaThilakarathne-COBSCCOMP191P-047";
			productName = "DinukaThilakarathne-COBSCCOMP191P-047";
			productReference = 0003E5A624FB686400661089 /* DinukaThilakarathne-COBSCCOMP191P-047.app */;
			productType = "com.apple.product-type.application";
		};
		0003E5BB24FB686700661089 /* DinukaThilakarathne-COBSCCOMP191P-047Tests */ = {
			isa = PBXNativeTarget;
			buildConfigurationList = 0003E5D324FB686700661089 /* Build configuration list for PBXNativeTarget "DinukaThilakarathne-COBSCCOMP191P-047Tests" */;
			buildPhases = (
				0003E5B824FB686700661089 /* Sources */,
				0003E5B924FB686700661089 /* Frameworks */,
				0003E5BA24FB686700661089 /* Resources */,
			);
			buildRules = (
			);
			dependencies = (
				0003E5BE24FB686700661089 /* PBXTargetDependency */,
			);
			name = "DinukaThilakarathne-COBSCCOMP191P-047Tests";
			productName = "DinukaThilakarathne-COBSCCOMP191P-047Tests";
			productReference = 0003E5BC24FB686700661089 /* DinukaThilakarathne-COBSCCOMP191P-047Tests.xctest */;
			productType = "com.apple.product-type.bundle.unit-test";
		};
		0003E5C624FB686700661089 /* DinukaThilakarathne-COBSCCOMP191P-047UITests */ = {
			isa = PBXNativeTarget;
			buildConfigurationList = 0003E5D624FB686700661089 /* Build configuration list for PBXNativeTarget "DinukaThilakarathne-COBSCCOMP191P-047UITests" */;
			buildPhases = (
				0003E5C324FB686700661089 /* Sources */,
				0003E5C424FB686700661089 /* Frameworks */,
				0003E5C524FB686700661089 /* Resources */,
			);
			buildRules = (
			);
			dependencies = (
				0003E5C924FB686700661089 /* PBXTargetDependency */,
			);
			name = "DinukaThilakarathne-COBSCCOMP191P-047UITests";
			productName = "DinukaThilakarathne-COBSCCOMP191P-047UITests";
			productReference = 0003E5C724FB686700661089 /* DinukaThilakarathne-COBSCCOMP191P-047UITests.xctest */;
			productType = "com.apple.product-type.bundle.ui-testing";
		};
/* End PBXNativeTarget section */

/* Begin PBXProject section */
		0003E59E24FB686400661089 /* Project object */ = {
			isa = PBXProject;
			attributes = {
				LastSwiftUpdateCheck = 1160;
				LastUpgradeCheck = 1160;
				ORGANIZATIONNAME = "Dinuka Thilakarathne";
				TargetAttributes = {
					0003E5A524FB686400661089 = {
						CreatedOnToolsVersion = 11.6;
					};
					0003E5BB24FB686700661089 = {
						CreatedOnToolsVersion = 11.6;
						TestTargetID = 0003E5A524FB686400661089;
					};
					0003E5C624FB686700661089 = {
						CreatedOnToolsVersion = 11.6;
						TestTargetID = 0003E5A524FB686400661089;
					};
				};
			};
			buildConfigurationList = 0003E5A124FB686400661089 /* Build configuration list for PBXProject "DinukaThilakarathne-COBSCCOMP191P-047" */;
			compatibilityVersion = "Xcode 9.3";
			developmentRegion = en;
			hasScannedForEncodings = 0;
			knownRegions = (
				en,
				Base,
			);
			mainGroup = 0003E59D24FB686400661089;
			productRefGroup = 0003E5A724FB686400661089 /* Products */;
			projectDirPath = "";
			projectRoot = "";
			targets = (
				0003E5A524FB686400661089 /* DinukaThilakarathne-COBSCCOMP191P-047 */,
				0003E5BB24FB686700661089 /* DinukaThilakarathne-COBSCCOMP191P-047Tests */,
				0003E5C624FB686700661089 /* DinukaThilakarathne-COBSCCOMP191P-047UITests */,
			);
		};
/* End PBXProject section */

/* Begin PBXResourcesBuildPhase section */
		0003E5A424FB686400661089 /* Resources */ = {
			isa = PBXResourcesBuildPhase;
			buildActionMask = 2147483647;
			files = (
				0003E60024FB6AC600661089 /* Localizable.strings in Resources */,
				00B7EAF824FC0D96009E9DF1 /* Home.storyboard in Resources */,
				0003E5FE24FB6AB200661089 /* Assets.xcassets in Resources */,
				00B7EAF324FBF958009E9DF1 /* GoogleService-Info.plist in Resources */,
				006329DA24FBB2E500B418F2 /* BebasNeue-Regular.ttf in Resources */,
				00FE606224FB75F000D93505 /* LaunchScreen.storyboard in Resources */,
				006329D924FBB2E000B418F2 /* Abel-Regular.ttf in Resources */,
				00FE606724FB76A300D93505 /* RoundedButton.xib in Resources */,
				00FE605E24FB754100D93505 /* Main.storyboard in Resources */,
				0093230724FBBE22007427E6 /* RoundedTextField.xib in Resources */,
			);
			runOnlyForDeploymentPostprocessing = 0;
		};
		0003E5BA24FB686700661089 /* Resources */ = {
			isa = PBXResourcesBuildPhase;
			buildActionMask = 2147483647;
			files = (
			);
			runOnlyForDeploymentPostprocessing = 0;
		};
		0003E5C524FB686700661089 /* Resources */ = {
			isa = PBXResourcesBuildPhase;
			buildActionMask = 2147483647;
			files = (
			);
			runOnlyForDeploymentPostprocessing = 0;
		};
/* End PBXResourcesBuildPhase section */

/* Begin PBXShellScriptBuildPhase section */
		2BF420542A9F252EBFB489C5 /* [CP] Check Pods Manifest.lock */ = {
			isa = PBXShellScriptBuildPhase;
			buildActionMask = 2147483647;
			files = (
			);
			inputFileListPaths = (
			);
			inputPaths = (
				"${PODS_PODFILE_DIR_PATH}/Podfile.lock",
				"${PODS_ROOT}/Manifest.lock",
			);
			name = "[CP] Check Pods Manifest.lock";
			outputFileListPaths = (
			);
			outputPaths = (
				"$(DERIVED_FILE_DIR)/Pods-DinukaThilakarathne-COBSCCOMP191P-047-checkManifestLockResult.txt",
			);
			runOnlyForDeploymentPostprocessing = 0;
			shellPath = /bin/sh;
			shellScript = "diff \"${PODS_PODFILE_DIR_PATH}/Podfile.lock\" \"${PODS_ROOT}/Manifest.lock\" > /dev/null\nif [ $? != 0 ] ; then\n    # print error to STDERR\n    echo \"error: The sandbox is not in sync with the Podfile.lock. Run 'pod install' or update your CocoaPods installation.\" >&2\n    exit 1\nfi\n# This output is used by Xcode 'outputs' to avoid re-running this script phase.\necho \"SUCCESS\" > \"${SCRIPT_OUTPUT_FILE_0}\"\n";
			showEnvVarsInLog = 0;
		};
/* End PBXShellScriptBuildPhase section */

/* Begin PBXSourcesBuildPhase section */
		0003E5A224FB686400661089 /* Sources */ = {
			isa = PBXSourcesBuildPhase;
			buildActionMask = 2147483647;
			files = (
				0003E60424FB72B700661089 /* Fonts.swift in Sources */,
				0093230A24FBCC93007427E6 /* UILabel+Extension.swift in Sources */,
				0003E5AE24FB686400661089 /* LandingViewController.swift in Sources */,
				00B7EAF124FBE4BC009E9DF1 /* AlertDialog.swift in Sources */,
				0003E60624FB72B700661089 /* Assets.swift in Sources */,
				0093230524FBBE17007427E6 /* RoundedTextField.swift in Sources */,
				0003E60524FB72B700661089 /* Strings.swift in Sources */,
				00B7EAEE24FBD44A009E9DF1 /* LandingController.swift in Sources */,
				00FE606524FB769500D93505 /* RoundedButton.swift in Sources */,
				0003E5AA24FB686400661089 /* AppDelegate.swift in Sources */,
				0003E5AC24FB686400661089 /* SceneDelegate.swift in Sources */,
				00B7EAF624FC0D88009E9DF1 /* HomeTabController.swift in Sources */,
			);
			runOnlyForDeploymentPostprocessing = 0;
		};
		0003E5B824FB686700661089 /* Sources */ = {
			isa = PBXSourcesBuildPhase;
			buildActionMask = 2147483647;
			files = (
				0003E5C124FB686700661089 /* DinukaThilakarathne_COBSCCOMP191P_047Tests.swift in Sources */,
			);
			runOnlyForDeploymentPostprocessing = 0;
		};
		0003E5C324FB686700661089 /* Sources */ = {
			isa = PBXSourcesBuildPhase;
			buildActionMask = 2147483647;
			files = (
				0003E5CC24FB686700661089 /* DinukaThilakarathne_COBSCCOMP191P_047UITests.swift in Sources */,
			);
			runOnlyForDeploymentPostprocessing = 0;
		};
/* End PBXSourcesBuildPhase section */

/* Begin PBXTargetDependency section */
		0003E5BE24FB686700661089 /* PBXTargetDependency */ = {
			isa = PBXTargetDependency;
			target = 0003E5A524FB686400661089 /* DinukaThilakarathne-COBSCCOMP191P-047 */;
			targetProxy = 0003E5BD24FB686700661089 /* PBXContainerItemProxy */;
		};
		0003E5C924FB686700661089 /* PBXTargetDependency */ = {
			isa = PBXTargetDependency;
			target = 0003E5A524FB686400661089 /* DinukaThilakarathne-COBSCCOMP191P-047 */;
			targetProxy = 0003E5C824FB686700661089 /* PBXContainerItemProxy */;
		};
/* End PBXTargetDependency section */

/* Begin XCBuildConfiguration section */
		0003E5CE24FB686700661089 /* Debug */ = {
			isa = XCBuildConfiguration;
			buildSettings = {
				ALWAYS_SEARCH_USER_PATHS = NO;
				CLANG_ANALYZER_NONNULL = YES;
				CLANG_ANALYZER_NUMBER_OBJECT_CONVERSION = YES_AGGRESSIVE;
				CLANG_CXX_LANGUAGE_STANDARD = "gnu++14";
				CLANG_CXX_LIBRARY = "libc++";
				CLANG_ENABLE_MODULES = YES;
				CLANG_ENABLE_OBJC_ARC = YES;
				CLANG_ENABLE_OBJC_WEAK = YES;
				CLANG_WARN_BLOCK_CAPTURE_AUTORELEASING = YES;
				CLANG_WARN_BOOL_CONVERSION = YES;
				CLANG_WARN_COMMA = YES;
				CLANG_WARN_CONSTANT_CONVERSION = YES;
				CLANG_WARN_DEPRECATED_OBJC_IMPLEMENTATIONS = YES;
				CLANG_WARN_DIRECT_OBJC_ISA_USAGE = YES_ERROR;
				CLANG_WARN_DOCUMENTATION_COMMENTS = YES;
				CLANG_WARN_EMPTY_BODY = YES;
				CLANG_WARN_ENUM_CONVERSION = YES;
				CLANG_WARN_INFINITE_RECURSION = YES;
				CLANG_WARN_INT_CONVERSION = YES;
				CLANG_WARN_NON_LITERAL_NULL_CONVERSION = YES;
				CLANG_WARN_OBJC_IMPLICIT_RETAIN_SELF = YES;
				CLANG_WARN_OBJC_LITERAL_CONVERSION = YES;
				CLANG_WARN_OBJC_ROOT_CLASS = YES_ERROR;
				CLANG_WARN_RANGE_LOOP_ANALYSIS = YES;
				CLANG_WARN_STRICT_PROTOTYPES = YES;
				CLANG_WARN_SUSPICIOUS_MOVE = YES;
				CLANG_WARN_UNGUARDED_AVAILABILITY = YES_AGGRESSIVE;
				CLANG_WARN_UNREACHABLE_CODE = YES;
				CLANG_WARN__DUPLICATE_METHOD_MATCH = YES;
				COPY_PHASE_STRIP = NO;
				DEBUG_INFORMATION_FORMAT = dwarf;
				ENABLE_STRICT_OBJC_MSGSEND = YES;
				ENABLE_TESTABILITY = YES;
				GCC_C_LANGUAGE_STANDARD = gnu11;
				GCC_DYNAMIC_NO_PIC = NO;
				GCC_NO_COMMON_BLOCKS = YES;
				GCC_OPTIMIZATION_LEVEL = 0;
				GCC_PREPROCESSOR_DEFINITIONS = (
					"DEBUG=1",
					"$(inherited)",
				);
				GCC_WARN_64_TO_32_BIT_CONVERSION = YES;
				GCC_WARN_ABOUT_RETURN_TYPE = YES_ERROR;
				GCC_WARN_UNDECLARED_SELECTOR = YES;
				GCC_WARN_UNINITIALIZED_AUTOS = YES_AGGRESSIVE;
				GCC_WARN_UNUSED_FUNCTION = YES;
				GCC_WARN_UNUSED_VARIABLE = YES;
				IPHONEOS_DEPLOYMENT_TARGET = 13.6;
				MTL_ENABLE_DEBUG_INFO = INCLUDE_SOURCE;
				MTL_FAST_MATH = YES;
				ONLY_ACTIVE_ARCH = YES;
				SDKROOT = iphoneos;
				SWIFT_ACTIVE_COMPILATION_CONDITIONS = DEBUG;
				SWIFT_OPTIMIZATION_LEVEL = "-Onone";
			};
			name = Debug;
		};
		0003E5CF24FB686700661089 /* Release */ = {
			isa = XCBuildConfiguration;
			buildSettings = {
				ALWAYS_SEARCH_USER_PATHS = NO;
				CLANG_ANALYZER_NONNULL = YES;
				CLANG_ANALYZER_NUMBER_OBJECT_CONVERSION = YES_AGGRESSIVE;
				CLANG_CXX_LANGUAGE_STANDARD = "gnu++14";
				CLANG_CXX_LIBRARY = "libc++";
				CLANG_ENABLE_MODULES = YES;
				CLANG_ENABLE_OBJC_ARC = YES;
				CLANG_ENABLE_OBJC_WEAK = YES;
				CLANG_WARN_BLOCK_CAPTURE_AUTORELEASING = YES;
				CLANG_WARN_BOOL_CONVERSION = YES;
				CLANG_WARN_COMMA = YES;
				CLANG_WARN_CONSTANT_CONVERSION = YES;
				CLANG_WARN_DEPRECATED_OBJC_IMPLEMENTATIONS = YES;
				CLANG_WARN_DIRECT_OBJC_ISA_USAGE = YES_ERROR;
				CLANG_WARN_DOCUMENTATION_COMMENTS = YES;
				CLANG_WARN_EMPTY_BODY = YES;
				CLANG_WARN_ENUM_CONVERSION = YES;
				CLANG_WARN_INFINITE_RECURSION = YES;
				CLANG_WARN_INT_CONVERSION = YES;
				CLANG_WARN_NON_LITERAL_NULL_CONVERSION = YES;
				CLANG_WARN_OBJC_IMPLICIT_RETAIN_SELF = YES;
				CLANG_WARN_OBJC_LITERAL_CONVERSION = YES;
				CLANG_WARN_OBJC_ROOT_CLASS = YES_ERROR;
				CLANG_WARN_RANGE_LOOP_ANALYSIS = YES;
				CLANG_WARN_STRICT_PROTOTYPES = YES;
				CLANG_WARN_SUSPICIOUS_MOVE = YES;
				CLANG_WARN_UNGUARDED_AVAILABILITY = YES_AGGRESSIVE;
				CLANG_WARN_UNREACHABLE_CODE = YES;
				CLANG_WARN__DUPLICATE_METHOD_MATCH = YES;
				COPY_PHASE_STRIP = NO;
				DEBUG_INFORMATION_FORMAT = "dwarf-with-dsym";
				ENABLE_NS_ASSERTIONS = NO;
				ENABLE_STRICT_OBJC_MSGSEND = YES;
				GCC_C_LANGUAGE_STANDARD = gnu11;
				GCC_NO_COMMON_BLOCKS = YES;
				GCC_WARN_64_TO_32_BIT_CONVERSION = YES;
				GCC_WARN_ABOUT_RETURN_TYPE = YES_ERROR;
				GCC_WARN_UNDECLARED_SELECTOR = YES;
				GCC_WARN_UNINITIALIZED_AUTOS = YES_AGGRESSIVE;
				GCC_WARN_UNUSED_FUNCTION = YES;
				GCC_WARN_UNUSED_VARIABLE = YES;
				IPHONEOS_DEPLOYMENT_TARGET = 13.6;
				MTL_ENABLE_DEBUG_INFO = NO;
				MTL_FAST_MATH = YES;
				SDKROOT = iphoneos;
				SWIFT_COMPILATION_MODE = wholemodule;
				SWIFT_OPTIMIZATION_LEVEL = "-O";
				VALIDATE_PRODUCT = YES;
			};
			name = Release;
		};
		0003E5D124FB686700661089 /* Debug */ = {
			isa = XCBuildConfiguration;
			baseConfigurationReference = 555B7629C41D41860B0522D8 /* Pods-DinukaThilakarathne-COBSCCOMP191P-047.debug.xcconfig */;
			buildSettings = {
				ASSETCATALOG_COMPILER_APPICON_NAME = AppIcon;
				CODE_SIGN_STYLE = Automatic;
				INFOPLIST_FILE = "DinukaThilakarathne-COBSCCOMP191P-047/Info.plist";
				LD_RUNPATH_SEARCH_PATHS = (
					"$(inherited)",
					"@executable_path/Frameworks",
				);
				PRODUCT_BUNDLE_IDENTIFIER = "com.dinukat.lk.DinukaThilakarathne-COBSCCOMP191P-047";
				PRODUCT_NAME = "$(TARGET_NAME)";
				SWIFT_VERSION = 5.0;
				TARGETED_DEVICE_FAMILY = "1,2";
			};
			name = Debug;
		};
		0003E5D224FB686700661089 /* Release */ = {
			isa = XCBuildConfiguration;
			baseConfigurationReference = 459F37F47305922E8C4F7144 /* Pods-DinukaThilakarathne-COBSCCOMP191P-047.release.xcconfig */;
			buildSettings = {
				ASSETCATALOG_COMPILER_APPICON_NAME = AppIcon;
				CODE_SIGN_STYLE = Automatic;
				INFOPLIST_FILE = "DinukaThilakarathne-COBSCCOMP191P-047/Info.plist";
				LD_RUNPATH_SEARCH_PATHS = (
					"$(inherited)",
					"@executable_path/Frameworks",
				);
				PRODUCT_BUNDLE_IDENTIFIER = "com.dinukat.lk.DinukaThilakarathne-COBSCCOMP191P-047";
				PRODUCT_NAME = "$(TARGET_NAME)";
				SWIFT_VERSION = 5.0;
				TARGETED_DEVICE_FAMILY = "1,2";
			};
			name = Release;
		};
		0003E5D424FB686700661089 /* Debug */ = {
			isa = XCBuildConfiguration;
			buildSettings = {
				ALWAYS_EMBED_SWIFT_STANDARD_LIBRARIES = YES;
				BUNDLE_LOADER = "$(TEST_HOST)";
				CODE_SIGN_STYLE = Automatic;
				INFOPLIST_FILE = "DinukaThilakarathne-COBSCCOMP191P-047Tests/Info.plist";
				IPHONEOS_DEPLOYMENT_TARGET = 13.6;
				LD_RUNPATH_SEARCH_PATHS = (
					"$(inherited)",
					"@executable_path/Frameworks",
					"@loader_path/Frameworks",
				);
				PRODUCT_BUNDLE_IDENTIFIER = "com.dinukat.lk.DinukaThilakarathne-COBSCCOMP191P-047Tests";
				PRODUCT_NAME = "$(TARGET_NAME)";
				SWIFT_VERSION = 5.0;
				TARGETED_DEVICE_FAMILY = "1,2";
				TEST_HOST = "$(BUILT_PRODUCTS_DIR)/DinukaThilakarathne-COBSCCOMP191P-047.app/DinukaThilakarathne-COBSCCOMP191P-047";
			};
			name = Debug;
		};
		0003E5D524FB686700661089 /* Release */ = {
			isa = XCBuildConfiguration;
			buildSettings = {
				ALWAYS_EMBED_SWIFT_STANDARD_LIBRARIES = YES;
				BUNDLE_LOADER = "$(TEST_HOST)";
				CODE_SIGN_STYLE = Automatic;
				INFOPLIST_FILE = "DinukaThilakarathne-COBSCCOMP191P-047Tests/Info.plist";
				IPHONEOS_DEPLOYMENT_TARGET = 13.6;
				LD_RUNPATH_SEARCH_PATHS = (
					"$(inherited)",
					"@executable_path/Frameworks",
					"@loader_path/Frameworks",
				);
				PRODUCT_BUNDLE_IDENTIFIER = "com.dinukat.lk.DinukaThilakarathne-COBSCCOMP191P-047Tests";
				PRODUCT_NAME = "$(TARGET_NAME)";
				SWIFT_VERSION = 5.0;
				TARGETED_DEVICE_FAMILY = "1,2";
				TEST_HOST = "$(BUILT_PRODUCTS_DIR)/DinukaThilakarathne-COBSCCOMP191P-047.app/DinukaThilakarathne-COBSCCOMP191P-047";
			};
			name = Release;
		};
		0003E5D724FB686700661089 /* Debug */ = {
			isa = XCBuildConfiguration;
			buildSettings = {
				ALWAYS_EMBED_SWIFT_STANDARD_LIBRARIES = YES;
				CODE_SIGN_STYLE = Automatic;
				INFOPLIST_FILE = "DinukaThilakarathne-COBSCCOMP191P-047UITests/Info.plist";
				LD_RUNPATH_SEARCH_PATHS = (
					"$(inherited)",
					"@executable_path/Frameworks",
					"@loader_path/Frameworks",
				);
				PRODUCT_BUNDLE_IDENTIFIER = "com.dinukat.lk.DinukaThilakarathne-COBSCCOMP191P-047UITests";
				PRODUCT_NAME = "$(TARGET_NAME)";
				SWIFT_VERSION = 5.0;
				TARGETED_DEVICE_FAMILY = "1,2";
				TEST_TARGET_NAME = "DinukaThilakarathne-COBSCCOMP191P-047";
			};
			name = Debug;
		};
		0003E5D824FB686700661089 /* Release */ = {
			isa = XCBuildConfiguration;
			buildSettings = {
				ALWAYS_EMBED_SWIFT_STANDARD_LIBRARIES = YES;
				CODE_SIGN_STYLE = Automatic;
				INFOPLIST_FILE = "DinukaThilakarathne-COBSCCOMP191P-047UITests/Info.plist";
				LD_RUNPATH_SEARCH_PATHS = (
					"$(inherited)",
					"@executable_path/Frameworks",
					"@loader_path/Frameworks",
				);
				PRODUCT_BUNDLE_IDENTIFIER = "com.dinukat.lk.DinukaThilakarathne-COBSCCOMP191P-047UITests";
				PRODUCT_NAME = "$(TARGET_NAME)";
				SWIFT_VERSION = 5.0;
				TARGETED_DEVICE_FAMILY = "1,2";
				TEST_TARGET_NAME = "DinukaThilakarathne-COBSCCOMP191P-047";
			};
			name = Release;
		};
/* End XCBuildConfiguration section */

/* Begin XCConfigurationList section */
		0003E5A124FB686400661089 /* Build configuration list for PBXProject "DinukaThilakarathne-COBSCCOMP191P-047" */ = {
			isa = XCConfigurationList;
			buildConfigurations = (
				0003E5CE24FB686700661089 /* Debug */,
				0003E5CF24FB686700661089 /* Release */,
			);
			defaultConfigurationIsVisible = 0;
			defaultConfigurationName = Release;
		};
		0003E5D024FB686700661089 /* Build configuration list for PBXNativeTarget "DinukaThilakarathne-COBSCCOMP191P-047" */ = {
			isa = XCConfigurationList;
			buildConfigurations = (
				0003E5D124FB686700661089 /* Debug */,
				0003E5D224FB686700661089 /* Release */,
			);
			defaultConfigurationIsVisible = 0;
			defaultConfigurationName = Release;
		};
		0003E5D324FB686700661089 /* Build configuration list for PBXNativeTarget "DinukaThilakarathne-COBSCCOMP191P-047Tests" */ = {
			isa = XCConfigurationList;
			buildConfigurations = (
				0003E5D424FB686700661089 /* Debug */,
				0003E5D524FB686700661089 /* Release */,
			);
			defaultConfigurationIsVisible = 0;
			defaultConfigurationName = Release;
		};
		0003E5D624FB686700661089 /* Build configuration list for PBXNativeTarget "DinukaThilakarathne-COBSCCOMP191P-047UITests" */ = {
			isa = XCConfigurationList;
			buildConfigurations = (
				0003E5D724FB686700661089 /* Debug */,
				0003E5D824FB686700661089 /* Release */,
			);
			defaultConfigurationIsVisible = 0;
			defaultConfigurationName = Release;
		};
/* End XCConfigurationList section */
	};
	rootObject = 0003E59E24FB686400661089 /* Project object */;
}
