// !$*UTF8*$!
{
	archiveVersion = 1;
	classes = {
	};
	objectVersion = 50;
	objects = {

/* Begin PBXBuildFile section */
		0003E5AA24FB686400661089 /* AppDelegate.swift in Sources */ = {isa = PBXBuildFile; fileRef = 0003E5A924FB686400661089 /* AppDelegate.swift */; };
		0003E5AC24FB686400661089 /* SceneDelegate.swift in Sources */ = {isa = PBXBuildFile; fileRef = 0003E5AB24FB686400661089 /* SceneDelegate.swift */; };
		0003E5AE24FB686400661089 /* LandingViewController.swift in Sources */ = {isa = PBXBuildFile; fileRef = 0003E5AD24FB686400661089 /* LandingViewController.swift */; };
		0003E5C124FB686700661089 /* DinukaThilakarathne_COBSCCOMP191P_047Tests.swift in Sources */ = {isa = PBXBuildFile; fileRef = 0003E5C024FB686700661089 /* DinukaThilakarathne_COBSCCOMP191P_047Tests.swift */; };
		0003E5CC24FB686700661089 /* DinukaThilakarathne_COBSCCOMP191P_047UITests.swift in Sources */ = {isa = PBXBuildFile; fileRef = 0003E5CB24FB686700661089 /* DinukaThilakarathne_COBSCCOMP191P_047UITests.swift */; };
		0003E5FE24FB6AB200661089 /* Assets.xcassets in Resources */ = {isa = PBXBuildFile; fileRef = 0003E5FD24FB6AB200661089 /* Assets.xcassets */; };
		0003E60024FB6AC600661089 /* Localizable.strings in Resources */ = {isa = PBXBuildFile; fileRef = 0003E5FF24FB6AC600661089 /* Localizable.strings */; };
		0003E60424FB72B700661089 /* Fonts.swift in Sources */ = {isa = PBXBuildFile; fileRef = 0003E60124FB72B700661089 /* Fonts.swift */; };
		0003E60524FB72B700661089 /* Strings.swift in Sources */ = {isa = PBXBuildFile; fileRef = 0003E60224FB72B700661089 /* Strings.swift */; };
		0003E60624FB72B700661089 /* Assets.swift in Sources */ = {isa = PBXBuildFile; fileRef = 0003E60324FB72B700661089 /* Assets.swift */; };
		000A14472503FF6E003C50D4 /* MoreFeatureCell.xib in Resources */ = {isa = PBXBuildFile; fileRef = 000A14462503FF6E003C50D4 /* MoreFeatureCell.xib */; };
		000A14492503FF8A003C50D4 /* MoreFeatureCollectionViewCell.swift in Sources */ = {isa = PBXBuildFile; fileRef = 000A14482503FF8A003C50D4 /* MoreFeatureCollectionViewCell.swift */; };
		000A144C2504D5D9003C50D4 /* MapViewController.swift in Sources */ = {isa = PBXBuildFile; fileRef = 000A144B2504D5D9003C50D4 /* MapViewController.swift */; };
		000A144E2504D5E1003C50D4 /* Map.storyboard in Resources */ = {isa = PBXBuildFile; fileRef = 000A144D2504D5E1003C50D4 /* Map.storyboard */; };
		004BB1412503E77800603EE2 /* NewsButton.swift in Sources */ = {isa = PBXBuildFile; fileRef = 004BB1402503E77800603EE2 /* NewsButton.swift */; };
		004F3DCF250B654B0013CF68 /* RadioButton.swift in Sources */ = {isa = PBXBuildFile; fileRef = 004F3DCE250B654B0013CF68 /* RadioButton.swift */; };
		004F3DD2250B661F0013CF68 /* Answer.xib in Resources */ = {isa = PBXBuildFile; fileRef = 004F3DD1250B661F0013CF68 /* Answer.xib */; };
		004F3DD4250B662A0013CF68 /* Answer.swift in Sources */ = {isa = PBXBuildFile; fileRef = 004F3DD3250B662A0013CF68 /* Answer.swift */; };
		0060B0FE250B6105003A2A82 /* SurveyViewController.swift in Sources */ = {isa = PBXBuildFile; fileRef = 0060B0FD250B6105003A2A82 /* SurveyViewController.swift */; };
		0060B100250B610E003A2A82 /* Survey.storyboard in Resources */ = {isa = PBXBuildFile; fileRef = 0060B0FF250B610E003A2A82 /* Survey.storyboard */; };
		0060B105250B6205003A2A82 /* SurveyQuestion.swift in Sources */ = {isa = PBXBuildFile; fileRef = 0060B104250B6205003A2A82 /* SurveyQuestion.swift */; };
		0060B109250B64F1003A2A82 /* SurveyQuestion.xib in Resources */ = {isa = PBXBuildFile; fileRef = 0060B108250B64F1003A2A82 /* SurveyQuestion.xib */; };
		006329D924FBB2E000B418F2 /* Abel-Regular.ttf in Resources */ = {isa = PBXBuildFile; fileRef = 0003E5FA24FB6A5100661089 /* Abel-Regular.ttf */; };
		006329DA24FBB2E500B418F2 /* BebasNeue-Regular.ttf in Resources */ = {isa = PBXBuildFile; fileRef = 0003E5F924FB6A5100661089 /* BebasNeue-Regular.ttf */; };
		0064D9BD2509740E00485F2F /* ImagePicker.swift in Sources */ = {isa = PBXBuildFile; fileRef = 0064D9BC2509740E00485F2F /* ImagePicker.swift */; };
		007FA91E24FCD2A40081DF69 /* Home.storyboard in Resources */ = {isa = PBXBuildFile; fileRef = 007FA91D24FCD2A40081DF69 /* Home.storyboard */; };
		007FA92224FCD4100081DF69 /* Settings.storyboard in Resources */ = {isa = PBXBuildFile; fileRef = 007FA92124FCD4100081DF69 /* Settings.storyboard */; };
		007FA92524FCDCAD0081DF69 /* PresentStats.storyboard in Resources */ = {isa = PBXBuildFile; fileRef = 007FA92424FCDCAD0081DF69 /* PresentStats.storyboard */; };
		007FA92724FCDD170081DF69 /* PresentStatsViewController.swift in Sources */ = {isa = PBXBuildFile; fileRef = 007FA92624FCDD170081DF69 /* PresentStatsViewController.swift */; };
		007FA92924FCDD290081DF69 /* HomeViewController.swift in Sources */ = {isa = PBXBuildFile; fileRef = 007FA92824FCDD290081DF69 /* HomeViewController.swift */; };
		007FA92B24FCDD500081DF69 /* SettingsViewController.swift in Sources */ = {isa = PBXBuildFile; fileRef = 007FA92A24FCDD500081DF69 /* SettingsViewController.swift */; };
		007FA92E24FFABE40081DF69 /* SignUp.storyboard in Resources */ = {isa = PBXBuildFile; fileRef = 007FA92D24FFABE40081DF69 /* SignUp.storyboard */; };
		007FA93024FFABED0081DF69 /* SignUpViewController.swift in Sources */ = {isa = PBXBuildFile; fileRef = 007FA92F24FFABED0081DF69 /* SignUpViewController.swift */; };
		007FA93224FFAFF50081DF69 /* NavigationBar.xib in Resources */ = {isa = PBXBuildFile; fileRef = 007FA93124FFAFF50081DF69 /* NavigationBar.xib */; };
		007FA93424FFB0050081DF69 /* NavigationBar.swift in Sources */ = {isa = PBXBuildFile; fileRef = 007FA93324FFB0050081DF69 /* NavigationBar.swift */; };
		008241E02509F8D2005062C0 /* DatabaseController.swift in Sources */ = {isa = PBXBuildFile; fileRef = 008241DF2509F8D2005062C0 /* DatabaseController.swift */; };
		008241E3250A3FD5005062C0 /* ProfileDetails.swift in Sources */ = {isa = PBXBuildFile; fileRef = 008241E2250A3FD5005062C0 /* ProfileDetails.swift */; };
		008241E5250A3FE1005062C0 /* ProfileDetails.xib in Resources */ = {isa = PBXBuildFile; fileRef = 008241E4250A3FE1005062C0 /* ProfileDetails.xib */; };
		008241E8250A442C005062C0 /* UIImageView+Extension.swift in Sources */ = {isa = PBXBuildFile; fileRef = 008241E7250A442C005062C0 /* UIImageView+Extension.swift */; };
		008241EA250A62F2005062C0 /* RightIconButton.swift in Sources */ = {isa = PBXBuildFile; fileRef = 008241E9250A62F2005062C0 /* RightIconButton.swift */; };
		008241EC250A6301005062C0 /* RightIconButton.xib in Resources */ = {isa = PBXBuildFile; fileRef = 008241EB250A6301005062C0 /* RightIconButton.xib */; };
		008241EF250A71E2005062C0 /* SettingsController.swift in Sources */ = {isa = PBXBuildFile; fileRef = 008241EE250A71E2005062C0 /* SettingsController.swift */; };
		008241F1250B26A0005062C0 /* PresentStatsController.swift in Sources */ = {isa = PBXBuildFile; fileRef = 008241F0250B26A0005062C0 /* PresentStatsController.swift */; };
		008241F3250B55F6005062C0 /* Survey.swift in Sources */ = {isa = PBXBuildFile; fileRef = 008241F2250B55F5005062C0 /* Survey.swift */; };
		0093230524FBBE17007427E6 /* RoundedTextField.swift in Sources */ = {isa = PBXBuildFile; fileRef = 0093230424FBBE17007427E6 /* RoundedTextField.swift */; };
		0093230724FBBE22007427E6 /* RoundedTextField.xib in Resources */ = {isa = PBXBuildFile; fileRef = 0093230624FBBE22007427E6 /* RoundedTextField.xib */; };
		0093230A24FBCC93007427E6 /* UILabel+Extension.swift in Sources */ = {isa = PBXBuildFile; fileRef = 0093230924FBCC93007427E6 /* UILabel+Extension.swift */; };
		00B5F30E250BCE9E00267EEF /* SurveyController.swift in Sources */ = {isa = PBXBuildFile; fileRef = 00B5F30D250BCE9E00267EEF /* SurveyController.swift */; };
		00B5F310250BDBF700267EEF /* AdviceViewController.swift in Sources */ = {isa = PBXBuildFile; fileRef = 00B5F30F250BDBF700267EEF /* AdviceViewController.swift */; };
		00B5F312250BDC0800267EEF /* Advice.storyboard in Resources */ = {isa = PBXBuildFile; fileRef = 00B5F311250BDC0800267EEF /* Advice.storyboard */; };
		00B5F315250BDDE100267EEF /* References in Resources */ = {isa = PBXBuildFile; fileRef = 00B5F314250BDDE100267EEF /* References */; };
		00B5F317250BE06A00267EEF /* ImageButton.swift in Sources */ = {isa = PBXBuildFile; fileRef = 00B5F316250BE06A00267EEF /* ImageButton.swift */; };
		00B5F319250BE07200267EEF /* ImageButton.xib in Resources */ = {isa = PBXBuildFile; fileRef = 00B5F318250BE07200267EEF /* ImageButton.xib */; };
		00B5F31D250BEBB800267EEF /* ContactUsViewController.swift in Sources */ = {isa = PBXBuildFile; fileRef = 00B5F31C250BEBB800267EEF /* ContactUsViewController.swift */; };
		00B5F31F250BEBCD00267EEF /* ContactUs.storyboard in Resources */ = {isa = PBXBuildFile; fileRef = 00B5F31E250BEBCD00267EEF /* ContactUs.storyboard */; };
		00B5F322250BEC0800267EEF /* HelpViewController.swift in Sources */ = {isa = PBXBuildFile; fileRef = 00B5F321250BEC0800267EEF /* HelpViewController.swift */; };
		00B5F324250BEC1400267EEF /* Help.storyboard in Resources */ = {isa = PBXBuildFile; fileRef = 00B5F323250BEC1400267EEF /* Help.storyboard */; };
		00B5F327250BF11700267EEF /* ContactDetails.swift in Sources */ = {isa = PBXBuildFile; fileRef = 00B5F326250BF11700267EEF /* ContactDetails.swift */; };
		00B5F329250BF12400267EEF /* ContactDetails.xib in Resources */ = {isa = PBXBuildFile; fileRef = 00B5F328250BF12400267EEF /* ContactDetails.xib */; };
		00B5F32B250BFB2D00267EEF /* HomeController.swift in Sources */ = {isa = PBXBuildFile; fileRef = 00B5F32A250BFB2D00267EEF /* HomeController.swift */; };
		00B5F32D250C8A2E00267EEF /* Date+Extension.swift in Sources */ = {isa = PBXBuildFile; fileRef = 00B5F32C250C8A2E00267EEF /* Date+Extension.swift */; };
		00B5F32F250C91B500267EEF /* Notification.swift in Sources */ = {isa = PBXBuildFile; fileRef = 00B5F32E250C91B500267EEF /* Notification.swift */; };
		00B7EAEE24FBD44A009E9DF1 /* LandingController.swift in Sources */ = {isa = PBXBuildFile; fileRef = 00B7EAED24FBD44A009E9DF1 /* LandingController.swift */; };
		00B7EAF124FBE4BC009E9DF1 /* AlertDialog.swift in Sources */ = {isa = PBXBuildFile; fileRef = 00B7EAF024FBE4BC009E9DF1 /* AlertDialog.swift */; };
		00B7EAF324FBF958009E9DF1 /* GoogleService-Info.plist in Resources */ = {isa = PBXBuildFile; fileRef = 00B7EAF224FBF958009E9DF1 /* GoogleService-Info.plist */; };
		00B7EAF624FC0D88009E9DF1 /* DashboardTabController.swift in Sources */ = {isa = PBXBuildFile; fileRef = 00B7EAF524FC0D88009E9DF1 /* DashboardTabController.swift */; };
		00B7EAF824FC0D96009E9DF1 /* Dashboard.storyboard in Resources */ = {isa = PBXBuildFile; fileRef = 00B7EAF724FC0D96009E9DF1 /* Dashboard.storyboard */; };
		00EDAEEA250B8F9B004B25E1 /* String+Extension.swift in Sources */ = {isa = PBXBuildFile; fileRef = 00EDAEE9250B8F9B004B25E1 /* String+Extension.swift */; };
		00F945AD24FFD8C000E372EA /* SignUpController.swift in Sources */ = {isa = PBXBuildFile; fileRef = 00F945AC24FFD8C000E372EA /* SignUpController.swift */; };
		00F945AF250151AD00E372EA /* UserHealthStatus.xib in Resources */ = {isa = PBXBuildFile; fileRef = 00F945AE250151AD00E372EA /* UserHealthStatus.xib */; };
		00F945B1250151BF00E372EA /* UserHealthStatus.swift in Sources */ = {isa = PBXBuildFile; fileRef = 00F945B0250151BF00E372EA /* UserHealthStatus.swift */; };
		00F945B72503DA4800E372EA /* NewsButton.xib in Resources */ = {isa = PBXBuildFile; fileRef = 00F945B62503DA4800E372EA /* NewsButton.xib */; };
		00F945B92503DD6300E372EA /* AppConstants.swift in Sources */ = {isa = PBXBuildFile; fileRef = 00F945B82503DD6300E372EA /* AppConstants.swift */; };
		00F945BD2503E47900E372EA /* LocalStat.swift in Sources */ = {isa = PBXBuildFile; fileRef = 00F945BC2503E47900E372EA /* LocalStat.swift */; };
		00F945BF2503E48500E372EA /* LocalStat.xib in Resources */ = {isa = PBXBuildFile; fileRef = 00F945BE2503E48500E372EA /* LocalStat.xib */; };
		00FE605E24FB754100D93505 /* Main.storyboard in Resources */ = {isa = PBXBuildFile; fileRef = 00FE605D24FB754100D93505 /* Main.storyboard */; };
		00FE606224FB75F000D93505 /* LaunchScreen.storyboard in Resources */ = {isa = PBXBuildFile; fileRef = 00FE606124FB75F000D93505 /* LaunchScreen.storyboard */; };
		00FE606524FB769500D93505 /* RoundedButton.swift in Sources */ = {isa = PBXBuildFile; fileRef = 00FE606424FB769500D93505 /* RoundedButton.swift */; };
		00FE606724FB76A300D93505 /* RoundedButton.xib in Resources */ = {isa = PBXBuildFile; fileRef = 00FE606624FB76A300D93505 /* RoundedButton.xib */; };
		FA9956605AC484AAD7AE1174 /* libPods-DinukaThilakarathne-COBSCCOMP191P-047.a in Frameworks */ = {isa = PBXBuildFile; fileRef = 6AE49655CEB391FEC69EC558 /* libPods-DinukaThilakarathne-COBSCCOMP191P-047.a */; };
/* End PBXBuildFile section */

/* Begin PBXContainerItemProxy section */
		0003E5BD24FB686700661089 /* PBXContainerItemProxy */ = {
			isa = PBXContainerItemProxy;
			containerPortal = 0003E59E24FB686400661089 /* Project object */;
			proxyType = 1;
			remoteGlobalIDString = 0003E5A524FB686400661089;
			remoteInfo = "DinukaThilakarathne-COBSCCOMP191P-047";
		};
		0003E5C824FB686700661089 /* PBXContainerItemProxy */ = {
			isa = PBXContainerItemProxy;
			containerPortal = 0003E59E24FB686400661089 /* Project object */;
			proxyType = 1;
			remoteGlobalIDString = 0003E5A524FB686400661089;
			remoteInfo = "DinukaThilakarathne-COBSCCOMP191P-047";
		};
/* End PBXContainerItemProxy section */

/* Begin PBXFileReference section */
		0003E5A624FB686400661089 /* DinukaThilakarathne-COBSCCOMP191P-047.app */ = {isa = PBXFileReference; explicitFileType = wrapper.application; includeInIndex = 0; path = "DinukaThilakarathne-COBSCCOMP191P-047.app"; sourceTree = BUILT_PRODUCTS_DIR; };
		0003E5A924FB686400661089 /* AppDelegate.swift */ = {isa = PBXFileReference; lastKnownFileType = sourcecode.swift; name = AppDelegate.swift; path = ../AppDelegate.swift; sourceTree = "<group>"; };
		0003E5AB24FB686400661089 /* SceneDelegate.swift */ = {isa = PBXFileReference; lastKnownFileType = sourcecode.swift; name = SceneDelegate.swift; path = ../SceneDelegate.swift; sourceTree = "<group>"; };
		0003E5AD24FB686400661089 /* LandingViewController.swift */ = {isa = PBXFileReference; lastKnownFileType = sourcecode.swift; name = LandingViewController.swift; path = ../../LandingViewController.swift; sourceTree = "<group>"; };
		0003E5B724FB686700661089 /* Info.plist */ = {isa = PBXFileReference; lastKnownFileType = text.plist.xml; path = Info.plist; sourceTree = "<group>"; };
		0003E5BC24FB686700661089 /* DinukaThilakarathne-COBSCCOMP191P-047Tests.xctest */ = {isa = PBXFileReference; explicitFileType = wrapper.cfbundle; includeInIndex = 0; path = "DinukaThilakarathne-COBSCCOMP191P-047Tests.xctest"; sourceTree = BUILT_PRODUCTS_DIR; };
		0003E5C024FB686700661089 /* DinukaThilakarathne_COBSCCOMP191P_047Tests.swift */ = {isa = PBXFileReference; lastKnownFileType = sourcecode.swift; path = DinukaThilakarathne_COBSCCOMP191P_047Tests.swift; sourceTree = "<group>"; };
		0003E5C224FB686700661089 /* Info.plist */ = {isa = PBXFileReference; lastKnownFileType = text.plist.xml; path = Info.plist; sourceTree = "<group>"; };
		0003E5C724FB686700661089 /* DinukaThilakarathne-COBSCCOMP191P-047UITests.xctest */ = {isa = PBXFileReference; explicitFileType = wrapper.cfbundle; includeInIndex = 0; path = "DinukaThilakarathne-COBSCCOMP191P-047UITests.xctest"; sourceTree = BUILT_PRODUCTS_DIR; };
		0003E5CB24FB686700661089 /* DinukaThilakarathne_COBSCCOMP191P_047UITests.swift */ = {isa = PBXFileReference; lastKnownFileType = sourcecode.swift; path = DinukaThilakarathne_COBSCCOMP191P_047UITests.swift; sourceTree = "<group>"; };
		0003E5CD24FB686700661089 /* Info.plist */ = {isa = PBXFileReference; lastKnownFileType = text.plist.xml; path = Info.plist; sourceTree = "<group>"; };
		0003E5F924FB6A5100661089 /* BebasNeue-Regular.ttf */ = {isa = PBXFileReference; lastKnownFileType = file; path = "BebasNeue-Regular.ttf"; sourceTree = "<group>"; };
		0003E5FA24FB6A5100661089 /* Abel-Regular.ttf */ = {isa = PBXFileReference; lastKnownFileType = file; path = "Abel-Regular.ttf"; sourceTree = "<group>"; };
		0003E5FD24FB6AB200661089 /* Assets.xcassets */ = {isa = PBXFileReference; lastKnownFileType = folder.assetcatalog; path = Assets.xcassets; sourceTree = "<group>"; };
		0003E5FF24FB6AC600661089 /* Localizable.strings */ = {isa = PBXFileReference; lastKnownFileType = text.plist.strings; path = Localizable.strings; sourceTree = "<group>"; };
		0003E60124FB72B700661089 /* Fonts.swift */ = {isa = PBXFileReference; fileEncoding = 4; lastKnownFileType = sourcecode.swift; path = Fonts.swift; sourceTree = "<group>"; };
		0003E60224FB72B700661089 /* Strings.swift */ = {isa = PBXFileReference; fileEncoding = 4; lastKnownFileType = sourcecode.swift; path = Strings.swift; sourceTree = "<group>"; };
		0003E60324FB72B700661089 /* Assets.swift */ = {isa = PBXFileReference; fileEncoding = 4; lastKnownFileType = sourcecode.swift; path = Assets.swift; sourceTree = "<group>"; };
		000A14462503FF6E003C50D4 /* MoreFeatureCell.xib */ = {isa = PBXFileReference; lastKnownFileType = file.xib; path = MoreFeatureCell.xib; sourceTree = "<group>"; };
		000A14482503FF8A003C50D4 /* MoreFeatureCollectionViewCell.swift */ = {isa = PBXFileReference; lastKnownFileType = sourcecode.swift; path = MoreFeatureCollectionViewCell.swift; sourceTree = "<group>"; };
		000A144B2504D5D9003C50D4 /* MapViewController.swift */ = {isa = PBXFileReference; lastKnownFileType = sourcecode.swift; path = MapViewController.swift; sourceTree = "<group>"; };
		000A144D2504D5E1003C50D4 /* Map.storyboard */ = {isa = PBXFileReference; lastKnownFileType = file.storyboard; path = Map.storyboard; sourceTree = "<group>"; };
		004BB1402503E77800603EE2 /* NewsButton.swift */ = {isa = PBXFileReference; fileEncoding = 4; lastKnownFileType = sourcecode.swift; path = NewsButton.swift; sourceTree = "<group>"; };
		004F3DCE250B654B0013CF68 /* RadioButton.swift */ = {isa = PBXFileReference; lastKnownFileType = sourcecode.swift; path = RadioButton.swift; sourceTree = "<group>"; };
		004F3DD1250B661F0013CF68 /* Answer.xib */ = {isa = PBXFileReference; lastKnownFileType = file.xib; path = Answer.xib; sourceTree = "<group>"; };
		004F3DD3250B662A0013CF68 /* Answer.swift */ = {isa = PBXFileReference; lastKnownFileType = sourcecode.swift; path = Answer.swift; sourceTree = "<group>"; };
		0060B0FD250B6105003A2A82 /* SurveyViewController.swift */ = {isa = PBXFileReference; lastKnownFileType = sourcecode.swift; path = SurveyViewController.swift; sourceTree = "<group>"; };
		0060B0FF250B610E003A2A82 /* Survey.storyboard */ = {isa = PBXFileReference; lastKnownFileType = file.storyboard; path = Survey.storyboard; sourceTree = "<group>"; };
		0060B104250B6205003A2A82 /* SurveyQuestion.swift */ = {isa = PBXFileReference; lastKnownFileType = sourcecode.swift; path = SurveyQuestion.swift; sourceTree = "<group>"; };
		0060B108250B64F1003A2A82 /* SurveyQuestion.xib */ = {isa = PBXFileReference; fileEncoding = 4; lastKnownFileType = file.xib; name = SurveyQuestion.xib; path = ../../../../../../Downloads/SurveyQuestion.xib; sourceTree = "<group>"; };
		0064D9BC2509740E00485F2F /* ImagePicker.swift */ = {isa = PBXFileReference; lastKnownFileType = sourcecode.swift; path = ImagePicker.swift; sourceTree = "<group>"; };
		007FA91D24FCD2A40081DF69 /* Home.storyboard */ = {isa = PBXFileReference; lastKnownFileType = file.storyboard; path = Home.storyboard; sourceTree = "<group>"; };
		007FA92124FCD4100081DF69 /* Settings.storyboard */ = {isa = PBXFileReference; lastKnownFileType = file.storyboard; path = Settings.storyboard; sourceTree = "<group>"; };
		007FA92424FCDCAD0081DF69 /* PresentStats.storyboard */ = {isa = PBXFileReference; lastKnownFileType = file.storyboard; path = PresentStats.storyboard; sourceTree = "<group>"; };
		007FA92624FCDD170081DF69 /* PresentStatsViewController.swift */ = {isa = PBXFileReference; lastKnownFileType = sourcecode.swift; path = PresentStatsViewController.swift; sourceTree = "<group>"; };
		007FA92824FCDD290081DF69 /* HomeViewController.swift */ = {isa = PBXFileReference; lastKnownFileType = sourcecode.swift; path = HomeViewController.swift; sourceTree = "<group>"; };
		007FA92A24FCDD500081DF69 /* SettingsViewController.swift */ = {isa = PBXFileReference; lastKnownFileType = sourcecode.swift; path = SettingsViewController.swift; sourceTree = "<group>"; };
		007FA92D24FFABE40081DF69 /* SignUp.storyboard */ = {isa = PBXFileReference; lastKnownFileType = file.storyboard; path = SignUp.storyboard; sourceTree = "<group>"; };
		007FA92F24FFABED0081DF69 /* SignUpViewController.swift */ = {isa = PBXFileReference; lastKnownFileType = sourcecode.swift; path = SignUpViewController.swift; sourceTree = "<group>"; };
		007FA93124FFAFF50081DF69 /* NavigationBar.xib */ = {isa = PBXFileReference; lastKnownFileType = file.xib; path = NavigationBar.xib; sourceTree = "<group>"; };
		007FA93324FFB0050081DF69 /* NavigationBar.swift */ = {isa = PBXFileReference; lastKnownFileType = sourcecode.swift; path = NavigationBar.swift; sourceTree = "<group>"; };
		008241DF2509F8D2005062C0 /* DatabaseController.swift */ = {isa = PBXFileReference; lastKnownFileType = sourcecode.swift; path = DatabaseController.swift; sourceTree = "<group>"; };
		008241E2250A3FD5005062C0 /* ProfileDetails.swift */ = {isa = PBXFileReference; lastKnownFileType = sourcecode.swift; path = ProfileDetails.swift; sourceTree = "<group>"; };
		008241E4250A3FE1005062C0 /* ProfileDetails.xib */ = {isa = PBXFileReference; lastKnownFileType = file.xib; path = ProfileDetails.xib; sourceTree = "<group>"; };
		008241E7250A442C005062C0 /* UIImageView+Extension.swift */ = {isa = PBXFileReference; lastKnownFileType = sourcecode.swift; path = "UIImageView+Extension.swift"; sourceTree = "<group>"; };
		008241E9250A62F2005062C0 /* RightIconButton.swift */ = {isa = PBXFileReference; lastKnownFileType = sourcecode.swift; path = RightIconButton.swift; sourceTree = "<group>"; };
		008241EB250A6301005062C0 /* RightIconButton.xib */ = {isa = PBXFileReference; lastKnownFileType = file.xib; path = RightIconButton.xib; sourceTree = "<group>"; };
		008241EE250A71E2005062C0 /* SettingsController.swift */ = {isa = PBXFileReference; lastKnownFileType = sourcecode.swift; path = SettingsController.swift; sourceTree = "<group>"; };
		008241F0250B26A0005062C0 /* PresentStatsController.swift */ = {isa = PBXFileReference; lastKnownFileType = sourcecode.swift; path = PresentStatsController.swift; sourceTree = "<group>"; };
		008241F2250B55F5005062C0 /* Survey.swift */ = {isa = PBXFileReference; lastKnownFileType = sourcecode.swift; path = Survey.swift; sourceTree = "<group>"; };
		0093230424FBBE17007427E6 /* RoundedTextField.swift */ = {isa = PBXFileReference; lastKnownFileType = sourcecode.swift; path = RoundedTextField.swift; sourceTree = "<group>"; };
		0093230624FBBE22007427E6 /* RoundedTextField.xib */ = {isa = PBXFileReference; lastKnownFileType = file.xib; path = RoundedTextField.xib; sourceTree = "<group>"; };
		0093230924FBCC93007427E6 /* UILabel+Extension.swift */ = {isa = PBXFileReference; lastKnownFileType = sourcecode.swift; path = "UILabel+Extension.swift"; sourceTree = "<group>"; };
		00B5F30D250BCE9E00267EEF /* SurveyController.swift */ = {isa = PBXFileReference; lastKnownFileType = sourcecode.swift; path = SurveyController.swift; sourceTree = "<group>"; };
		00B5F30F250BDBF700267EEF /* AdviceViewController.swift */ = {isa = PBXFileReference; lastKnownFileType = sourcecode.swift; path = AdviceViewController.swift; sourceTree = "<group>"; };
		00B5F311250BDC0800267EEF /* Advice.storyboard */ = {isa = PBXFileReference; lastKnownFileType = file.storyboard; path = Advice.storyboard; sourceTree = "<group>"; };
		00B5F314250BDDE100267EEF /* References */ = {isa = PBXFileReference; lastKnownFileType = text; path = References; sourceTree = "<group>"; };
		00B5F316250BE06A00267EEF /* ImageButton.swift */ = {isa = PBXFileReference; lastKnownFileType = sourcecode.swift; path = ImageButton.swift; sourceTree = "<group>"; };
		00B5F318250BE07200267EEF /* ImageButton.xib */ = {isa = PBXFileReference; lastKnownFileType = file.xib; path = ImageButton.xib; sourceTree = "<group>"; };
		00B5F31C250BEBB800267EEF /* ContactUsViewController.swift */ = {isa = PBXFileReference; lastKnownFileType = sourcecode.swift; path = ContactUsViewController.swift; sourceTree = "<group>"; };
		00B5F31E250BEBCD00267EEF /* ContactUs.storyboard */ = {isa = PBXFileReference; lastKnownFileType = file.storyboard; path = ContactUs.storyboard; sourceTree = "<group>"; };
		00B5F321250BEC0800267EEF /* HelpViewController.swift */ = {isa = PBXFileReference; lastKnownFileType = sourcecode.swift; path = HelpViewController.swift; sourceTree = "<group>"; };
		00B5F323250BEC1400267EEF /* Help.storyboard */ = {isa = PBXFileReference; lastKnownFileType = file.storyboard; path = Help.storyboard; sourceTree = "<group>"; };
		00B5F326250BF11700267EEF /* ContactDetails.swift */ = {isa = PBXFileReference; lastKnownFileType = sourcecode.swift; path = ContactDetails.swift; sourceTree = "<group>"; };
		00B5F328250BF12400267EEF /* ContactDetails.xib */ = {isa = PBXFileReference; lastKnownFileType = file.xib; path = ContactDetails.xib; sourceTree = "<group>"; };
		00B5F32A250BFB2D00267EEF /* HomeController.swift */ = {isa = PBXFileReference; lastKnownFileType = sourcecode.swift; path = HomeController.swift; sourceTree = "<group>"; };
		00B5F32C250C8A2E00267EEF /* Date+Extension.swift */ = {isa = PBXFileReference; lastKnownFileType = sourcecode.swift; path = "Date+Extension.swift"; sourceTree = "<group>"; };
		00B5F32E250C91B500267EEF /* Notification.swift */ = {isa = PBXFileReference; lastKnownFileType = sourcecode.swift; path = Notification.swift; sourceTree = "<group>"; };
		00B7EAED24FBD44A009E9DF1 /* LandingController.swift */ = {isa = PBXFileReference; lastKnownFileType = sourcecode.swift; path = LandingController.swift; sourceTree = "<group>"; };
		00B7EAF024FBE4BC009E9DF1 /* AlertDialog.swift */ = {isa = PBXFileReference; lastKnownFileType = sourcecode.swift; path = AlertDialog.swift; sourceTree = "<group>"; };
		00B7EAF224FBF958009E9DF1 /* GoogleService-Info.plist */ = {isa = PBXFileReference; fileEncoding = 4; lastKnownFileType = text.plist.xml; path = "GoogleService-Info.plist"; sourceTree = "<group>"; };
		00B7EAF524FC0D88009E9DF1 /* DashboardTabController.swift */ = {isa = PBXFileReference; lastKnownFileType = sourcecode.swift; path = DashboardTabController.swift; sourceTree = "<group>"; };
		00B7EAF724FC0D96009E9DF1 /* Dashboard.storyboard */ = {isa = PBXFileReference; lastKnownFileType = file.storyboard; path = Dashboard.storyboard; sourceTree = "<group>"; };
		00EDAEE9250B8F9B004B25E1 /* String+Extension.swift */ = {isa = PBXFileReference; lastKnownFileType = sourcecode.swift; path = "String+Extension.swift"; sourceTree = "<group>"; };
		00F945AC24FFD8C000E372EA /* SignUpController.swift */ = {isa = PBXFileReference; lastKnownFileType = sourcecode.swift; path = SignUpController.swift; sourceTree = "<group>"; };
		00F945AE250151AD00E372EA /* UserHealthStatus.xib */ = {isa = PBXFileReference; lastKnownFileType = file.xib; path = UserHealthStatus.xib; sourceTree = "<group>"; };
		00F945B0250151BF00E372EA /* UserHealthStatus.swift */ = {isa = PBXFileReference; lastKnownFileType = sourcecode.swift; path = UserHealthStatus.swift; sourceTree = "<group>"; };
		00F945B62503DA4800E372EA /* NewsButton.xib */ = {isa = PBXFileReference; lastKnownFileType = file.xib; path = NewsButton.xib; sourceTree = "<group>"; };
		00F945B82503DD6300E372EA /* AppConstants.swift */ = {isa = PBXFileReference; lastKnownFileType = sourcecode.swift; path = AppConstants.swift; sourceTree = "<group>"; };
		00F945BC2503E47900E372EA /* LocalStat.swift */ = {isa = PBXFileReference; lastKnownFileType = sourcecode.swift; path = LocalStat.swift; sourceTree = "<group>"; };
		00F945BE2503E48500E372EA /* LocalStat.xib */ = {isa = PBXFileReference; lastKnownFileType = file.xib; path = LocalStat.xib; sourceTree = "<group>"; };
		00FE605D24FB754100D93505 /* Main.storyboard */ = {isa = PBXFileReference; lastKnownFileType = file.storyboard; path = Main.storyboard; sourceTree = "<group>"; };
		00FE606124FB75F000D93505 /* LaunchScreen.storyboard */ = {isa = PBXFileReference; lastKnownFileType = file.storyboard; path = LaunchScreen.storyboard; sourceTree = "<group>"; };
		00FE606424FB769500D93505 /* RoundedButton.swift */ = {isa = PBXFileReference; lastKnownFileType = sourcecode.swift; path = RoundedButton.swift; sourceTree = "<group>"; };
		00FE606624FB76A300D93505 /* RoundedButton.xib */ = {isa = PBXFileReference; lastKnownFileType = file.xib; path = RoundedButton.xib; sourceTree = "<group>"; };
		459F37F47305922E8C4F7144 /* Pods-DinukaThilakarathne-COBSCCOMP191P-047.release.xcconfig */ = {isa = PBXFileReference; includeInIndex = 1; lastKnownFileType = text.xcconfig; name = "Pods-DinukaThilakarathne-COBSCCOMP191P-047.release.xcconfig"; path = "Target Support Files/Pods-DinukaThilakarathne-COBSCCOMP191P-047/Pods-DinukaThilakarathne-COBSCCOMP191P-047.release.xcconfig"; sourceTree = "<group>"; };
		555B7629C41D41860B0522D8 /* Pods-DinukaThilakarathne-COBSCCOMP191P-047.debug.xcconfig */ = {isa = PBXFileReference; includeInIndex = 1; lastKnownFileType = text.xcconfig; name = "Pods-DinukaThilakarathne-COBSCCOMP191P-047.debug.xcconfig"; path = "Target Support Files/Pods-DinukaThilakarathne-COBSCCOMP191P-047/Pods-DinukaThilakarathne-COBSCCOMP191P-047.debug.xcconfig"; sourceTree = "<group>"; };
		6AE49655CEB391FEC69EC558 /* libPods-DinukaThilakarathne-COBSCCOMP191P-047.a */ = {isa = PBXFileReference; explicitFileType = archive.ar; includeInIndex = 0; path = "libPods-DinukaThilakarathne-COBSCCOMP191P-047.a"; sourceTree = BUILT_PRODUCTS_DIR; };
/* End PBXFileReference section */

/* Begin PBXFrameworksBuildPhase section */
		0003E5A324FB686400661089 /* Frameworks */ = {
			isa = PBXFrameworksBuildPhase;
			buildActionMask = 2147483647;
			files = (
				FA9956605AC484AAD7AE1174 /* libPods-DinukaThilakarathne-COBSCCOMP191P-047.a in Frameworks */,
			);
			runOnlyForDeploymentPostprocessing = 0;
		};
		0003E5B924FB686700661089 /* Frameworks */ = {
			isa = PBXFrameworksBuildPhase;
			buildActionMask = 2147483647;
			files = (
			);
			runOnlyForDeploymentPostprocessing = 0;
		};
		0003E5C424FB686700661089 /* Frameworks */ = {
			isa = PBXFrameworksBuildPhase;
			buildActionMask = 2147483647;
			files = (
			);
			runOnlyForDeploymentPostprocessing = 0;
		};
/* End PBXFrameworksBuildPhase section */

/* Begin PBXGroup section */
		0003E59D24FB686400661089 = {
			isa = PBXGroup;
			children = (
				0003E5A824FB686400661089 /* DinukaThilakarathne-COBSCCOMP191P-047 */,
				0003E5BF24FB686700661089 /* DinukaThilakarathne-COBSCCOMP191P-047Tests */,
				0003E5CA24FB686700661089 /* DinukaThilakarathne-COBSCCOMP191P-047UITests */,
				0003E5A724FB686400661089 /* Products */,
				741B47874813A128EEC4B59A /* Pods */,
				44129D58A076A7E7DC2F4456 /* Frameworks */,
			);
			sourceTree = "<group>";
		};
		0003E5A724FB686400661089 /* Products */ = {
			isa = PBXGroup;
			children = (
				0003E5A624FB686400661089 /* DinukaThilakarathne-COBSCCOMP191P-047.app */,
				0003E5BC24FB686700661089 /* DinukaThilakarathne-COBSCCOMP191P-047Tests.xctest */,
				0003E5C724FB686700661089 /* DinukaThilakarathne-COBSCCOMP191P-047UITests.xctest */,
			);
			name = Products;
			sourceTree = "<group>";
		};
		0003E5A824FB686400661089 /* DinukaThilakarathne-COBSCCOMP191P-047 */ = {
			isa = PBXGroup;
			children = (
				008241F4250B5815005062C0 /* Model */,
				008241DE2509F8B6005062C0 /* Helpers */,
				0093230824FBCC4C007427E6 /* Extensions */,
				0003E5D924FB695F00661089 /* App */,
				0003E5DA24FB696700661089 /* Scenes */,
				00FE606324FB767E00D93505 /* UI */,
				0003E5DD24FB698F00661089 /* Resources */,
				0003E5B724FB686700661089 /* Info.plist */,
				00B7EAF224FBF958009E9DF1 /* GoogleService-Info.plist */,
				00B5F314250BDDE100267EEF /* References */,
			);
			path = "DinukaThilakarathne-COBSCCOMP191P-047";
			sourceTree = "<group>";
		};
		0003E5BF24FB686700661089 /* DinukaThilakarathne-COBSCCOMP191P-047Tests */ = {
			isa = PBXGroup;
			children = (
				0003E5C024FB686700661089 /* DinukaThilakarathne_COBSCCOMP191P_047Tests.swift */,
				0003E5C224FB686700661089 /* Info.plist */,
			);
			path = "DinukaThilakarathne-COBSCCOMP191P-047Tests";
			sourceTree = "<group>";
		};
		0003E5CA24FB686700661089 /* DinukaThilakarathne-COBSCCOMP191P-047UITests */ = {
			isa = PBXGroup;
			children = (
				0003E5CB24FB686700661089 /* DinukaThilakarathne_COBSCCOMP191P_047UITests.swift */,
				0003E5CD24FB686700661089 /* Info.plist */,
			);
			path = "DinukaThilakarathne-COBSCCOMP191P-047UITests";
			sourceTree = "<group>";
		};
		0003E5D924FB695F00661089 /* App */ = {
			isa = PBXGroup;
			children = (
				0003E5A924FB686400661089 /* AppDelegate.swift */,
				00F945B82503DD6300E372EA /* AppConstants.swift */,
				0003E5AB24FB686400661089 /* SceneDelegate.swift */,
			);
			path = App;
			sourceTree = "<group>";
		};
		0003E5DA24FB696700661089 /* Scenes */ = {
			isa = PBXGroup;
			children = (
				00B5F320250BEBFE00267EEF /* Help */,
				00B5F31B250BEB6D00267EEF /* ContactUs */,
				000A144A2504D5AA003C50D4 /* MapScreen */,
				007FA92C24FFABD20081DF69 /* SignUpScreen */,
				007FA92324FCDC7C0081DF69 /* PresentStatsScreen */,
				007FA91F24FCD3B30081DF69 /* HomeScreen */,
				007FA92024FCD3F20081DF69 /* SettingsScreen */,
				00B7EAF424FC0D6B009E9DF1 /* Dashboard */,
				0003E5DB24FB697000661089 /* LandingScreen */,
				0003E5DC24FB698100661089 /* LaunchScreen */,
				0060B101250B6124003A2A82 /* SurveyScreen */,
				00B5F313250BDC0C00267EEF /* Advice */,
			);
			path = Scenes;
			sourceTree = "<group>";
		};
		0003E5DB24FB697000661089 /* LandingScreen */ = {
			isa = PBXGroup;
			children = (
				0003E5AD24FB686400661089 /* LandingViewController.swift */,
				00B7EAED24FBD44A009E9DF1 /* LandingController.swift */,
				00FE605D24FB754100D93505 /* Main.storyboard */,
			);
			path = LandingScreen;
			sourceTree = "<group>";
		};
		0003E5DC24FB698100661089 /* LaunchScreen */ = {
			isa = PBXGroup;
			children = (
				00FE606124FB75F000D93505 /* LaunchScreen.storyboard */,
			);
			path = LaunchScreen;
			sourceTree = "<group>";
		};
		0003E5DD24FB698F00661089 /* Resources */ = {
			isa = PBXGroup;
			children = (
				0003E5FD24FB6AB200661089 /* Assets.xcassets */,
				0003E5FC24FB6A6E00661089 /* Generated */,
				0003E5FB24FB6A5D00661089 /* Strings */,
				0003E5F824FB6A4400661089 /* Fonts */,
			);
			path = Resources;
			sourceTree = "<group>";
		};
		0003E5F824FB6A4400661089 /* Fonts */ = {
			isa = PBXGroup;
			children = (
				0003E5FA24FB6A5100661089 /* Abel-Regular.ttf */,
				0003E5F924FB6A5100661089 /* BebasNeue-Regular.ttf */,
			);
			path = Fonts;
			sourceTree = "<group>";
		};
		0003E5FB24FB6A5D00661089 /* Strings */ = {
			isa = PBXGroup;
			children = (
				0003E5FF24FB6AC600661089 /* Localizable.strings */,
			);
			path = Strings;
			sourceTree = "<group>";
		};
		0003E5FC24FB6A6E00661089 /* Generated */ = {
			isa = PBXGroup;
			children = (
				0003E60324FB72B700661089 /* Assets.swift */,
				0003E60124FB72B700661089 /* Fonts.swift */,
				0003E60224FB72B700661089 /* Strings.swift */,
			);
			path = Generated;
			sourceTree = "<group>";
		};
		000A14432503FE0C003C50D4 /* Cells */ = {
			isa = PBXGroup;
			children = (
				000A14452503FF54003C50D4 /* CollectionViewCells */,
			);
			path = Cells;
			sourceTree = "<group>";
		};
		000A14442503FE85003C50D4 /* Home */ = {
			isa = PBXGroup;
			children = (
				000A14462503FF6E003C50D4 /* MoreFeatureCell.xib */,
				000A14482503FF8A003C50D4 /* MoreFeatureCollectionViewCell.swift */,
			);
			path = Home;
			sourceTree = "<group>";
		};
		000A14452503FF54003C50D4 /* CollectionViewCells */ = {
			isa = PBXGroup;
			children = (
				000A14442503FE85003C50D4 /* Home */,
			);
			path = CollectionViewCells;
			sourceTree = "<group>";
		};
		000A144A2504D5AA003C50D4 /* MapScreen */ = {
			isa = PBXGroup;
			children = (
				000A144B2504D5D9003C50D4 /* MapViewController.swift */,
				000A144D2504D5E1003C50D4 /* Map.storyboard */,
			);
			path = MapScreen;
			sourceTree = "<group>";
		};
		004F3DD0250B66070013CF68 /* RadioButton */ = {
			isa = PBXGroup;
			children = (
				004F3DCE250B654B0013CF68 /* RadioButton.swift */,
			);
			path = RadioButton;
			sourceTree = "<group>";
		};
		004F3DD5250B662E0013CF68 /* Question */ = {
			isa = PBXGroup;
			children = (
				004F3DD1250B661F0013CF68 /* Answer.xib */,
				004F3DD3250B662A0013CF68 /* Answer.swift */,
			);
			path = Question;
			sourceTree = "<group>";
		};
		0060B101250B6124003A2A82 /* SurveyScreen */ = {
			isa = PBXGroup;
			children = (
				0060B0FD250B6105003A2A82 /* SurveyViewController.swift */,
				00B5F30D250BCE9E00267EEF /* SurveyController.swift */,
				0060B0FF250B610E003A2A82 /* Survey.storyboard */,
			);
			path = SurveyScreen;
			sourceTree = "<group>";
		};
		0060B106250B6208003A2A82 /* SurveyQuestion */ = {
			isa = PBXGroup;
			children = (
				0060B108250B64F1003A2A82 /* SurveyQuestion.xib */,
				0060B104250B6205003A2A82 /* SurveyQuestion.swift */,
			);
			path = SurveyQuestion;
			sourceTree = "<group>";
		};
		0060B107250B6455003A2A82 /* SurveyWidgets */ = {
			isa = PBXGroup;
			children = (
				0060B106250B6208003A2A82 /* SurveyQuestion */,
				004F3DD0250B66070013CF68 /* RadioButton */,
				004F3DD5250B662E0013CF68 /* Question */,
			);
			path = SurveyWidgets;
			sourceTree = "<group>";
		};
		0064D9BE250975F300485F2F /* ImagePicker */ = {
			isa = PBXGroup;
			children = (
				0064D9BC2509740E00485F2F /* ImagePicker.swift */,
			);
			path = ImagePicker;
			sourceTree = "<group>";
		};
		007FA91F24FCD3B30081DF69 /* HomeScreen */ = {
			isa = PBXGroup;
			children = (
				007FA91D24FCD2A40081DF69 /* Home.storyboard */,
				007FA92824FCDD290081DF69 /* HomeViewController.swift */,
				00B5F32A250BFB2D00267EEF /* HomeController.swift */,
			);
			path = HomeScreen;
			sourceTree = "<group>";
		};
		007FA92024FCD3F20081DF69 /* SettingsScreen */ = {
			isa = PBXGroup;
			children = (
				007FA92124FCD4100081DF69 /* Settings.storyboard */,
				007FA92A24FCDD500081DF69 /* SettingsViewController.swift */,
				008241EE250A71E2005062C0 /* SettingsController.swift */,
			);
			path = SettingsScreen;
			sourceTree = "<group>";
		};
		007FA92324FCDC7C0081DF69 /* PresentStatsScreen */ = {
			isa = PBXGroup;
			children = (
				007FA92424FCDCAD0081DF69 /* PresentStats.storyboard */,
				007FA92624FCDD170081DF69 /* PresentStatsViewController.swift */,
				008241F0250B26A0005062C0 /* PresentStatsController.swift */,
			);
			path = PresentStatsScreen;
			sourceTree = "<group>";
		};
		007FA92C24FFABD20081DF69 /* SignUpScreen */ = {
			isa = PBXGroup;
			children = (
				007FA92D24FFABE40081DF69 /* SignUp.storyboard */,
				007FA92F24FFABED0081DF69 /* SignUpViewController.swift */,
				00F945AC24FFD8C000E372EA /* SignUpController.swift */,
			);
			path = SignUpScreen;
			sourceTree = "<group>";
		};
		007FA93524FFB0080081DF69 /* NavigationBar */ = {
			isa = PBXGroup;
			children = (
				007FA93124FFAFF50081DF69 /* NavigationBar.xib */,
				007FA93324FFB0050081DF69 /* NavigationBar.swift */,
			);
			path = NavigationBar;
			sourceTree = "<group>";
		};
		008241DE2509F8B6005062C0 /* Helpers */ = {
			isa = PBXGroup;
			children = (
				008241DF2509F8D2005062C0 /* DatabaseController.swift */,
			);
			path = Helpers;
			sourceTree = "<group>";
		};
		008241E6250A3FF4005062C0 /* ProfileDetails */ = {
			isa = PBXGroup;
			children = (
				008241E2250A3FD5005062C0 /* ProfileDetails.swift */,
				008241E4250A3FE1005062C0 /* ProfileDetails.xib */,
			);
			path = ProfileDetails;
			sourceTree = "<group>";
		};
		008241ED250A6307005062C0 /* RightIconButton */ = {
			isa = PBXGroup;
			children = (
				008241E9250A62F2005062C0 /* RightIconButton.swift */,
				008241EB250A6301005062C0 /* RightIconButton.xib */,
			);
			path = RightIconButton;
			sourceTree = "<group>";
		};
		008241F4250B5815005062C0 /* Model */ = {
			isa = PBXGroup;
			children = (
				008241F2250B55F5005062C0 /* Survey.swift */,
				00B5F32E250C91B500267EEF /* Notification.swift */,
			);
			path = Model;
			sourceTree = "<group>";
		};
		0093230324FBBD75007427E6 /* TextField */ = {
			isa = PBXGroup;
			children = (
				0093230424FBBE17007427E6 /* RoundedTextField.swift */,
				0093230624FBBE22007427E6 /* RoundedTextField.xib */,
			);
			path = TextField;
			sourceTree = "<group>";
		};
		0093230824FBCC4C007427E6 /* Extensions */ = {
			isa = PBXGroup;
			children = (
				0093230924FBCC93007427E6 /* UILabel+Extension.swift */,
				00B5F32C250C8A2E00267EEF /* Date+Extension.swift */,
				008241E7250A442C005062C0 /* UIImageView+Extension.swift */,
				00EDAEE9250B8F9B004B25E1 /* String+Extension.swift */,
			);
			path = Extensions;
			sourceTree = "<group>";
		};
		00B5F313250BDC0C00267EEF /* Advice */ = {
			isa = PBXGroup;
			children = (
				00B5F30F250BDBF700267EEF /* AdviceViewController.swift */,
				00B5F311250BDC0800267EEF /* Advice.storyboard */,
			);
			path = Advice;
			sourceTree = "<group>";
		};
		00B5F31A250BE07600267EEF /* ImageButton */ = {
			isa = PBXGroup;
			children = (
				00B5F316250BE06A00267EEF /* ImageButton.swift */,
				00B5F318250BE07200267EEF /* ImageButton.xib */,
			);
			path = ImageButton;
			sourceTree = "<group>";
		};
		00B5F31B250BEB6D00267EEF /* ContactUs */ = {
			isa = PBXGroup;
			children = (
				00B5F31C250BEBB800267EEF /* ContactUsViewController.swift */,
				00B5F31E250BEBCD00267EEF /* ContactUs.storyboard */,
			);
			path = ContactUs;
			sourceTree = "<group>";
		};
		00B5F320250BEBFE00267EEF /* Help */ = {
			isa = PBXGroup;
			children = (
				00B5F321250BEC0800267EEF /* HelpViewController.swift */,
				00B5F323250BEC1400267EEF /* Help.storyboard */,
			);
			path = Help;
			sourceTree = "<group>";
		};
		00B5F325250BF10100267EEF /* ContactDetails */ = {
			isa = PBXGroup;
			children = (
				00B5F326250BF11700267EEF /* ContactDetails.swift */,
				00B5F328250BF12400267EEF /* ContactDetails.xib */,
			);
			path = ContactDetails;
			sourceTree = "<group>";
		};
		00B7EAEF24FBE497009E9DF1 /* Alerts */ = {
			isa = PBXGroup;
			children = (
				00B7EAF024FBE4BC009E9DF1 /* AlertDialog.swift */,
			);
			path = Alerts;
			sourceTree = "<group>";
		};
		00B7EAF424FC0D6B009E9DF1 /* Dashboard */ = {
			isa = PBXGroup;
			children = (
				00B7EAF524FC0D88009E9DF1 /* DashboardTabController.swift */,
				00B7EAF724FC0D96009E9DF1 /* Dashboard.storyboard */,
			);
			path = Dashboard;
			sourceTree = "<group>";
		};
		00F945B2250151C400E372EA /* UserHealthStatus */ = {
			isa = PBXGroup;
			children = (
				00F945AE250151AD00E372EA /* UserHealthStatus.xib */,
				00F945B0250151BF00E372EA /* UserHealthStatus.swift */,
			);
			path = UserHealthStatus;
			sourceTree = "<group>";
		};
		00F945B3250151D700E372EA /* HomeWidgets */ = {
			isa = PBXGroup;
			children = (
				00F945BB2503E45A00E372EA /* LocalStatsView */,
				00F945BA2503E43C00E372EA /* NewsButton */,
				00F945B2250151C400E372EA /* UserHealthStatus */,
			);
			path = HomeWidgets;
			sourceTree = "<group>";
		};
		00F945BA2503E43C00E372EA /* NewsButton */ = {
			isa = PBXGroup;
			children = (
				004BB1402503E77800603EE2 /* NewsButton.swift */,
				00F945B62503DA4800E372EA /* NewsButton.xib */,
			);
			path = NewsButton;
			sourceTree = "<group>";
		};
		00F945BB2503E45A00E372EA /* LocalStatsView */ = {
			isa = PBXGroup;
			children = (
				00F945BC2503E47900E372EA /* LocalStat.swift */,
				00F945BE2503E48500E372EA /* LocalStat.xib */,
			);
			path = LocalStatsView;
			sourceTree = "<group>";
		};
		00FE606324FB767E00D93505 /* UI */ = {
			isa = PBXGroup;
			children = (
				00B5F325250BF10100267EEF /* ContactDetails */,
				000A14432503FE0C003C50D4 /* Cells */,
				00B7EAEF24FBE497009E9DF1 /* Alerts */,
				0093230324FBBD75007427E6 /* TextField */,
				00FE606824FB76AF00D93505 /* Buttons */,
				007FA93524FFB0080081DF69 /* NavigationBar */,
				00F945B3250151D700E372EA /* HomeWidgets */,
				0064D9BE250975F300485F2F /* ImagePicker */,
				008241E6250A3FF4005062C0 /* ProfileDetails */,
				0060B107250B6455003A2A82 /* SurveyWidgets */,
			);
			path = UI;
			sourceTree = "<group>";
		};
		00FE606824FB76AF00D93505 /* Buttons */ = {
			isa = PBXGroup;
			children = (
				008241ED250A6307005062C0 /* RightIconButton */,
				00FE606924FB76B700D93505 /* RoundedButton */,
				00B5F31A250BE07600267EEF /* ImageButton */,
			);
			path = Buttons;
			sourceTree = "<group>";
		};
		00FE606924FB76B700D93505 /* RoundedButton */ = {
			isa = PBXGroup;
			children = (
				00FE606424FB769500D93505 /* RoundedButton.swift */,
				00FE606624FB76A300D93505 /* RoundedButton.xib */,
			);
			path = RoundedButton;
			sourceTree = "<group>";
		};
		44129D58A076A7E7DC2F4456 /* Frameworks */ = {
			isa = PBXGroup;
			children = (
				6AE49655CEB391FEC69EC558 /* libPods-DinukaThilakarathne-COBSCCOMP191P-047.a */,
			);
			name = Frameworks;
			sourceTree = "<group>";
		};
		741B47874813A128EEC4B59A /* Pods */ = {
			isa = PBXGroup;
			children = (
				555B7629C41D41860B0522D8 /* Pods-DinukaThilakarathne-COBSCCOMP191P-047.debug.xcconfig */,
				459F37F47305922E8C4F7144 /* Pods-DinukaThilakarathne-COBSCCOMP191P-047.release.xcconfig */,
			);
			path = Pods;
			sourceTree = "<group>";
		};
/* End PBXGroup section */

/* Begin PBXNativeTarget section */
		0003E5A524FB686400661089 /* DinukaThilakarathne-COBSCCOMP191P-047 */ = {
			isa = PBXNativeTarget;
			buildConfigurationList = 0003E5D024FB686700661089 /* Build configuration list for PBXNativeTarget "DinukaThilakarathne-COBSCCOMP191P-047" */;
			buildPhases = (
				2BF420542A9F252EBFB489C5 /* [CP] Check Pods Manifest.lock */,
				0003E5A224FB686400661089 /* Sources */,
				0003E5A324FB686400661089 /* Frameworks */,
				0003E5A424FB686400661089 /* Resources */,
			);
			buildRules = (
			);
			dependencies = (
			);
			name = "DinukaThilakarathne-COBSCCOMP191P-047";
			productName = "DinukaThilakarathne-COBSCCOMP191P-047";
			productReference = 0003E5A624FB686400661089 /* DinukaThilakarathne-COBSCCOMP191P-047.app */;
			productType = "com.apple.product-type.application";
		};
		0003E5BB24FB686700661089 /* DinukaThilakarathne-COBSCCOMP191P-047Tests */ = {
			isa = PBXNativeTarget;
			buildConfigurationList = 0003E5D324FB686700661089 /* Build configuration list for PBXNativeTarget "DinukaThilakarathne-COBSCCOMP191P-047Tests" */;
			buildPhases = (
				0003E5B824FB686700661089 /* Sources */,
				0003E5B924FB686700661089 /* Frameworks */,
				0003E5BA24FB686700661089 /* Resources */,
			);
			buildRules = (
			);
			dependencies = (
				0003E5BE24FB686700661089 /* PBXTargetDependency */,
			);
			name = "DinukaThilakarathne-COBSCCOMP191P-047Tests";
			productName = "DinukaThilakarathne-COBSCCOMP191P-047Tests";
			productReference = 0003E5BC24FB686700661089 /* DinukaThilakarathne-COBSCCOMP191P-047Tests.xctest */;
			productType = "com.apple.product-type.bundle.unit-test";
		};
		0003E5C624FB686700661089 /* DinukaThilakarathne-COBSCCOMP191P-047UITests */ = {
			isa = PBXNativeTarget;
			buildConfigurationList = 0003E5D624FB686700661089 /* Build configuration list for PBXNativeTarget "DinukaThilakarathne-COBSCCOMP191P-047UITests" */;
			buildPhases = (
				0003E5C324FB686700661089 /* Sources */,
				0003E5C424FB686700661089 /* Frameworks */,
				0003E5C524FB686700661089 /* Resources */,
			);
			buildRules = (
			);
			dependencies = (
				0003E5C924FB686700661089 /* PBXTargetDependency */,
			);
			name = "DinukaThilakarathne-COBSCCOMP191P-047UITests";
			productName = "DinukaThilakarathne-COBSCCOMP191P-047UITests";
			productReference = 0003E5C724FB686700661089 /* DinukaThilakarathne-COBSCCOMP191P-047UITests.xctest */;
			productType = "com.apple.product-type.bundle.ui-testing";
		};
/* End PBXNativeTarget section */

/* Begin PBXProject section */
		0003E59E24FB686400661089 /* Project object */ = {
			isa = PBXProject;
			attributes = {
				LastSwiftUpdateCheck = 1160;
				LastUpgradeCheck = 1160;
				ORGANIZATIONNAME = "Dinuka Thilakarathne";
				TargetAttributes = {
					0003E5A524FB686400661089 = {
						CreatedOnToolsVersion = 11.6;
					};
					0003E5BB24FB686700661089 = {
						CreatedOnToolsVersion = 11.6;
						TestTargetID = 0003E5A524FB686400661089;
					};
					0003E5C624FB686700661089 = {
						CreatedOnToolsVersion = 11.6;
						TestTargetID = 0003E5A524FB686400661089;
					};
				};
			};
			buildConfigurationList = 0003E5A124FB686400661089 /* Build configuration list for PBXProject "DinukaThilakarathne-COBSCCOMP191P-047" */;
			compatibilityVersion = "Xcode 9.3";
			developmentRegion = en;
			hasScannedForEncodings = 0;
			knownRegions = (
				en,
				Base,
			);
			mainGroup = 0003E59D24FB686400661089;
			productRefGroup = 0003E5A724FB686400661089 /* Products */;
			projectDirPath = "";
			projectRoot = "";
			targets = (
				0003E5A524FB686400661089 /* DinukaThilakarathne-COBSCCOMP191P-047 */,
				0003E5BB24FB686700661089 /* DinukaThilakarathne-COBSCCOMP191P-047Tests */,
				0003E5C624FB686700661089 /* DinukaThilakarathne-COBSCCOMP191P-047UITests */,
			);
		};
/* End PBXProject section */

/* Begin PBXResourcesBuildPhase section */
		0003E5A424FB686400661089 /* Resources */ = {
			isa = PBXResourcesBuildPhase;
			buildActionMask = 2147483647;
			files = (
				00B5F312250BDC0800267EEF /* Advice.storyboard in Resources */,
				0003E60024FB6AC600661089 /* Localizable.strings in Resources */,
				007FA92224FCD4100081DF69 /* Settings.storyboard in Resources */,
				008241E5250A3FE1005062C0 /* ProfileDetails.xib in Resources */,
				00B7EAF824FC0D96009E9DF1 /* Dashboard.storyboard in Resources */,
				00B5F315250BDDE100267EEF /* References in Resources */,
				0060B100250B610E003A2A82 /* Survey.storyboard in Resources */,
				00B5F324250BEC1400267EEF /* Help.storyboard in Resources */,
				0003E5FE24FB6AB200661089 /* Assets.xcassets in Resources */,
				00B7EAF324FBF958009E9DF1 /* GoogleService-Info.plist in Resources */,
				006329DA24FBB2E500B418F2 /* BebasNeue-Regular.ttf in Resources */,
				007FA92524FCDCAD0081DF69 /* PresentStats.storyboard in Resources */,
				00B5F329250BF12400267EEF /* ContactDetails.xib in Resources */,
				00B5F319250BE07200267EEF /* ImageButton.xib in Resources */,
				0060B109250B64F1003A2A82 /* SurveyQuestion.xib in Resources */,
				000A144E2504D5E1003C50D4 /* Map.storyboard in Resources */,
				008241EC250A6301005062C0 /* RightIconButton.xib in Resources */,
				007FA91E24FCD2A40081DF69 /* Home.storyboard in Resources */,
				00FE606224FB75F000D93505 /* LaunchScreen.storyboard in Resources */,
				004F3DD2250B661F0013CF68 /* Answer.xib in Resources */,
				007FA93224FFAFF50081DF69 /* NavigationBar.xib in Resources */,
				006329D924FBB2E000B418F2 /* Abel-Regular.ttf in Resources */,
				000A14472503FF6E003C50D4 /* MoreFeatureCell.xib in Resources */,
				007FA92E24FFABE40081DF69 /* SignUp.storyboard in Resources */,
				00FE606724FB76A300D93505 /* RoundedButton.xib in Resources */,
				00F945BF2503E48500E372EA /* LocalStat.xib in Resources */,
				00FE605E24FB754100D93505 /* Main.storyboard in Resources */,
				00F945AF250151AD00E372EA /* UserHealthStatus.xib in Resources */,
				00B5F31F250BEBCD00267EEF /* ContactUs.storyboard in Resources */,
				0093230724FBBE22007427E6 /* RoundedTextField.xib in Resources */,
				00F945B72503DA4800E372EA /* NewsButton.xib in Resources */,
			);
			runOnlyForDeploymentPostprocessing = 0;
		};
		0003E5BA24FB686700661089 /* Resources */ = {
			isa = PBXResourcesBuildPhase;
			buildActionMask = 2147483647;
			files = (
			);
			runOnlyForDeploymentPostprocessing = 0;
		};
		0003E5C524FB686700661089 /* Resources */ = {
			isa = PBXResourcesBuildPhase;
			buildActionMask = 2147483647;
			files = (
			);
			runOnlyForDeploymentPostprocessing = 0;
		};
/* End PBXResourcesBuildPhase section */

/* Begin PBXShellScriptBuildPhase section */
		2BF420542A9F252EBFB489C5 /* [CP] Check Pods Manifest.lock */ = {
			isa = PBXShellScriptBuildPhase;
			buildActionMask = 2147483647;
			files = (
			);
			inputFileListPaths = (
			);
			inputPaths = (
				"${PODS_PODFILE_DIR_PATH}/Podfile.lock",
				"${PODS_ROOT}/Manifest.lock",
			);
			name = "[CP] Check Pods Manifest.lock";
			outputFileListPaths = (
			);
			outputPaths = (
				"$(DERIVED_FILE_DIR)/Pods-DinukaThilakarathne-COBSCCOMP191P-047-checkManifestLockResult.txt",
			);
			runOnlyForDeploymentPostprocessing = 0;
			shellPath = /bin/sh;
			shellScript = "diff \"${PODS_PODFILE_DIR_PATH}/Podfile.lock\" \"${PODS_ROOT}/Manifest.lock\" > /dev/null\nif [ $? != 0 ] ; then\n    # print error to STDERR\n    echo \"error: The sandbox is not in sync with the Podfile.lock. Run 'pod install' or update your CocoaPods installation.\" >&2\n    exit 1\nfi\n# This output is used by Xcode 'outputs' to avoid re-running this script phase.\necho \"SUCCESS\" > \"${SCRIPT_OUTPUT_FILE_0}\"\n";
			showEnvVarsInLog = 0;
		};
/* End PBXShellScriptBuildPhase section */

/* Begin PBXSourcesBuildPhase section */
		0003E5A224FB686400661089 /* Sources */ = {
			isa = PBXSourcesBuildPhase;
			buildActionMask = 2147483647;
			files = (
				007FA93424FFB0050081DF69 /* NavigationBar.swift in Sources */,
				00B5F310250BDBF700267EEF /* AdviceViewController.swift in Sources */,
				0060B0FE250B6105003A2A82 /* SurveyViewController.swift in Sources */,
				0003E60424FB72B700661089 /* Fonts.swift in Sources */,
				008241E8250A442C005062C0 /* UIImageView+Extension.swift in Sources */,
				0064D9BD2509740E00485F2F /* ImagePicker.swift in Sources */,
				0093230A24FBCC93007427E6 /* UILabel+Extension.swift in Sources */,
				00B5F322250BEC0800267EEF /* HelpViewController.swift in Sources */,
				008241E3250A3FD5005062C0 /* ProfileDetails.swift in Sources */,
				008241EF250A71E2005062C0 /* SettingsController.swift in Sources */,
				0003E5AE24FB686400661089 /* LandingViewController.swift in Sources */,
				00F945B92503DD6300E372EA /* AppConstants.swift in Sources */,
				00B7EAF124FBE4BC009E9DF1 /* AlertDialog.swift in Sources */,
				0060B105250B6205003A2A82 /* SurveyQuestion.swift in Sources */,
				0003E60624FB72B700661089 /* Assets.swift in Sources */,
				000A144C2504D5D9003C50D4 /* MapViewController.swift in Sources */,
				007FA92924FCDD290081DF69 /* HomeViewController.swift in Sources */,
				0093230524FBBE17007427E6 /* RoundedTextField.swift in Sources */,
				007FA92724FCDD170081DF69 /* PresentStatsViewController.swift in Sources */,
				008241E02509F8D2005062C0 /* DatabaseController.swift in Sources */,
				007FA92B24FCDD500081DF69 /* SettingsViewController.swift in Sources */,
				0003E60524FB72B700661089 /* Strings.swift in Sources */,
				00B5F31D250BEBB800267EEF /* ContactUsViewController.swift in Sources */,
				00F945AD24FFD8C000E372EA /* SignUpController.swift in Sources */,
				00B5F32B250BFB2D00267EEF /* HomeController.swift in Sources */,
				004F3DD4250B662A0013CF68 /* Answer.swift in Sources */,
				00B5F32F250C91B500267EEF /* Notification.swift in Sources */,
				007FA93024FFABED0081DF69 /* SignUpViewController.swift in Sources */,
				004F3DCF250B654B0013CF68 /* RadioButton.swift in Sources */,
				000A14492503FF8A003C50D4 /* MoreFeatureCollectionViewCell.swift in Sources */,
				008241F3250B55F6005062C0 /* Survey.swift in Sources */,
				00B5F317250BE06A00267EEF /* ImageButton.swift in Sources */,
				00F945BD2503E47900E372EA /* LocalStat.swift in Sources */,
				008241F1250B26A0005062C0 /* PresentStatsController.swift in Sources */,
				00B7EAEE24FBD44A009E9DF1 /* LandingController.swift in Sources */,
				00FE606524FB769500D93505 /* RoundedButton.swift in Sources */,
				00B5F32D250C8A2E00267EEF /* Date+Extension.swift in Sources */,
				0003E5AA24FB686400661089 /* AppDelegate.swift in Sources */,
				00B5F30E250BCE9E00267EEF /* SurveyController.swift in Sources */,
				00F945B1250151BF00E372EA /* UserHealthStatus.swift in Sources */,
				0003E5AC24FB686400661089 /* SceneDelegate.swift in Sources */,
				004BB1412503E77800603EE2 /* NewsButton.swift in Sources */,
				00EDAEEA250B8F9B004B25E1 /* String+Extension.swift in Sources */,
				00B5F327250BF11700267EEF /* ContactDetails.swift in Sources */,
				00B7EAF624FC0D88009E9DF1 /* DashboardTabController.swift in Sources */,
				008241EA250A62F2005062C0 /* RightIconButton.swift in Sources */,
			);
			runOnlyForDeploymentPostprocessing = 0;
		};
		0003E5B824FB686700661089 /* Sources */ = {
			isa = PBXSourcesBuildPhase;
			buildActionMask = 2147483647;
			files = (
				0003E5C124FB686700661089 /* DinukaThilakarathne_COBSCCOMP191P_047Tests.swift in Sources */,
			);
			runOnlyForDeploymentPostprocessing = 0;
		};
		0003E5C324FB686700661089 /* Sources */ = {
			isa = PBXSourcesBuildPhase;
			buildActionMask = 2147483647;
			files = (
				0003E5CC24FB686700661089 /* DinukaThilakarathne_COBSCCOMP191P_047UITests.swift in Sources */,
			);
			runOnlyForDeploymentPostprocessing = 0;
		};
/* End PBXSourcesBuildPhase section */

/* Begin PBXTargetDependency section */
		0003E5BE24FB686700661089 /* PBXTargetDependency */ = {
			isa = PBXTargetDependency;
			target = 0003E5A524FB686400661089 /* DinukaThilakarathne-COBSCCOMP191P-047 */;
			targetProxy = 0003E5BD24FB686700661089 /* PBXContainerItemProxy */;
		};
		0003E5C924FB686700661089 /* PBXTargetDependency */ = {
			isa = PBXTargetDependency;
			target = 0003E5A524FB686400661089 /* DinukaThilakarathne-COBSCCOMP191P-047 */;
			targetProxy = 0003E5C824FB686700661089 /* PBXContainerItemProxy */;
		};
/* End PBXTargetDependency section */

/* Begin XCBuildConfiguration section */
		0003E5CE24FB686700661089 /* Debug */ = {
			isa = XCBuildConfiguration;
			buildSettings = {
				ALWAYS_SEARCH_USER_PATHS = NO;
				CLANG_ANALYZER_NONNULL = YES;
				CLANG_ANALYZER_NUMBER_OBJECT_CONVERSION = YES_AGGRESSIVE;
				CLANG_CXX_LANGUAGE_STANDARD = "gnu++14";
				CLANG_CXX_LIBRARY = "libc++";
				CLANG_ENABLE_MODULES = YES;
				CLANG_ENABLE_OBJC_ARC = YES;
				CLANG_ENABLE_OBJC_WEAK = YES;
				CLANG_WARN_BLOCK_CAPTURE_AUTORELEASING = YES;
				CLANG_WARN_BOOL_CONVERSION = YES;
				CLANG_WARN_COMMA = YES;
				CLANG_WARN_CONSTANT_CONVERSION = YES;
				CLANG_WARN_DEPRECATED_OBJC_IMPLEMENTATIONS = YES;
				CLANG_WARN_DIRECT_OBJC_ISA_USAGE = YES_ERROR;
				CLANG_WARN_DOCUMENTATION_COMMENTS = YES;
				CLANG_WARN_EMPTY_BODY = YES;
				CLANG_WARN_ENUM_CONVERSION = YES;
				CLANG_WARN_INFINITE_RECURSION = YES;
				CLANG_WARN_INT_CONVERSION = YES;
				CLANG_WARN_NON_LITERAL_NULL_CONVERSION = YES;
				CLANG_WARN_OBJC_IMPLICIT_RETAIN_SELF = YES;
				CLANG_WARN_OBJC_LITERAL_CONVERSION = YES;
				CLANG_WARN_OBJC_ROOT_CLASS = YES_ERROR;
				CLANG_WARN_RANGE_LOOP_ANALYSIS = YES;
				CLANG_WARN_STRICT_PROTOTYPES = YES;
				CLANG_WARN_SUSPICIOUS_MOVE = YES;
				CLANG_WARN_UNGUARDED_AVAILABILITY = YES_AGGRESSIVE;
				CLANG_WARN_UNREACHABLE_CODE = YES;
				CLANG_WARN__DUPLICATE_METHOD_MATCH = YES;
				COPY_PHASE_STRIP = NO;
				DEBUG_INFORMATION_FORMAT = dwarf;
				ENABLE_STRICT_OBJC_MSGSEND = YES;
				ENABLE_TESTABILITY = YES;
				GCC_C_LANGUAGE_STANDARD = gnu11;
				GCC_DYNAMIC_NO_PIC = NO;
				GCC_NO_COMMON_BLOCKS = YES;
				GCC_OPTIMIZATION_LEVEL = 0;
				GCC_PREPROCESSOR_DEFINITIONS = (
					"DEBUG=1",
					"$(inherited)",
				);
				GCC_WARN_64_TO_32_BIT_CONVERSION = YES;
				GCC_WARN_ABOUT_RETURN_TYPE = YES_ERROR;
				GCC_WARN_UNDECLARED_SELECTOR = YES;
				GCC_WARN_UNINITIALIZED_AUTOS = YES_AGGRESSIVE;
				GCC_WARN_UNUSED_FUNCTION = YES;
				GCC_WARN_UNUSED_VARIABLE = YES;
				IPHONEOS_DEPLOYMENT_TARGET = 13.6;
				MTL_ENABLE_DEBUG_INFO = INCLUDE_SOURCE;
				MTL_FAST_MATH = YES;
				ONLY_ACTIVE_ARCH = YES;
				SDKROOT = iphoneos;
				SWIFT_ACTIVE_COMPILATION_CONDITIONS = DEBUG;
				SWIFT_OPTIMIZATION_LEVEL = "-Onone";
			};
			name = Debug;
		};
		0003E5CF24FB686700661089 /* Release */ = {
			isa = XCBuildConfiguration;
			buildSettings = {
				ALWAYS_SEARCH_USER_PATHS = NO;
				CLANG_ANALYZER_NONNULL = YES;
				CLANG_ANALYZER_NUMBER_OBJECT_CONVERSION = YES_AGGRESSIVE;
				CLANG_CXX_LANGUAGE_STANDARD = "gnu++14";
				CLANG_CXX_LIBRARY = "libc++";
				CLANG_ENABLE_MODULES = YES;
				CLANG_ENABLE_OBJC_ARC = YES;
				CLANG_ENABLE_OBJC_WEAK = YES;
				CLANG_WARN_BLOCK_CAPTURE_AUTORELEASING = YES;
				CLANG_WARN_BOOL_CONVERSION = YES;
				CLANG_WARN_COMMA = YES;
				CLANG_WARN_CONSTANT_CONVERSION = YES;
				CLANG_WARN_DEPRECATED_OBJC_IMPLEMENTATIONS = YES;
				CLANG_WARN_DIRECT_OBJC_ISA_USAGE = YES_ERROR;
				CLANG_WARN_DOCUMENTATION_COMMENTS = YES;
				CLANG_WARN_EMPTY_BODY = YES;
				CLANG_WARN_ENUM_CONVERSION = YES;
				CLANG_WARN_INFINITE_RECURSION = YES;
				CLANG_WARN_INT_CONVERSION = YES;
				CLANG_WARN_NON_LITERAL_NULL_CONVERSION = YES;
				CLANG_WARN_OBJC_IMPLICIT_RETAIN_SELF = YES;
				CLANG_WARN_OBJC_LITERAL_CONVERSION = YES;
				CLANG_WARN_OBJC_ROOT_CLASS = YES_ERROR;
				CLANG_WARN_RANGE_LOOP_ANALYSIS = YES;
				CLANG_WARN_STRICT_PROTOTYPES = YES;
				CLANG_WARN_SUSPICIOUS_MOVE = YES;
				CLANG_WARN_UNGUARDED_AVAILABILITY = YES_AGGRESSIVE;
				CLANG_WARN_UNREACHABLE_CODE = YES;
				CLANG_WARN__DUPLICATE_METHOD_MATCH = YES;
				COPY_PHASE_STRIP = NO;
				DEBUG_INFORMATION_FORMAT = "dwarf-with-dsym";
				ENABLE_NS_ASSERTIONS = NO;
				ENABLE_STRICT_OBJC_MSGSEND = YES;
				GCC_C_LANGUAGE_STANDARD = gnu11;
				GCC_NO_COMMON_BLOCKS = YES;
				GCC_WARN_64_TO_32_BIT_CONVERSION = YES;
				GCC_WARN_ABOUT_RETURN_TYPE = YES_ERROR;
				GCC_WARN_UNDECLARED_SELECTOR = YES;
				GCC_WARN_UNINITIALIZED_AUTOS = YES_AGGRESSIVE;
				GCC_WARN_UNUSED_FUNCTION = YES;
				GCC_WARN_UNUSED_VARIABLE = YES;
				IPHONEOS_DEPLOYMENT_TARGET = 13.6;
				MTL_ENABLE_DEBUG_INFO = NO;
				MTL_FAST_MATH = YES;
				SDKROOT = iphoneos;
				SWIFT_COMPILATION_MODE = wholemodule;
				SWIFT_OPTIMIZATION_LEVEL = "-O";
				VALIDATE_PRODUCT = YES;
			};
			name = Release;
		};
		0003E5D124FB686700661089 /* Debug */ = {
			isa = XCBuildConfiguration;
			baseConfigurationReference = 555B7629C41D41860B0522D8 /* Pods-DinukaThilakarathne-COBSCCOMP191P-047.debug.xcconfig */;
			buildSettings = {
				ASSETCATALOG_COMPILER_APPICON_NAME = AppIcon;
				CODE_SIGN_STYLE = Automatic;
				INFOPLIST_FILE = "DinukaThilakarathne-COBSCCOMP191P-047/Info.plist";
				LD_RUNPATH_SEARCH_PATHS = (
					"$(inherited)",
					"@executable_path/Frameworks",
				);
				PRODUCT_BUNDLE_IDENTIFIER = "com.dinukat.lk.DinukaThilakarathne-COBSCCOMP191P-047";
				PRODUCT_NAME = "$(TARGET_NAME)";
				SWIFT_VERSION = 5.0;
				TARGETED_DEVICE_FAMILY = "1,2";
			};
			name = Debug;
		};
		0003E5D224FB686700661089 /* Release */ = {
			isa = XCBuildConfiguration;
			baseConfigurationReference = 459F37F47305922E8C4F7144 /* Pods-DinukaThilakarathne-COBSCCOMP191P-047.release.xcconfig */;
			buildSettings = {
				ASSETCATALOG_COMPILER_APPICON_NAME = AppIcon;
				CODE_SIGN_STYLE = Automatic;
				INFOPLIST_FILE = "DinukaThilakarathne-COBSCCOMP191P-047/Info.plist";
				LD_RUNPATH_SEARCH_PATHS = (
					"$(inherited)",
					"@executable_path/Frameworks",
				);
				PRODUCT_BUNDLE_IDENTIFIER = "com.dinukat.lk.DinukaThilakarathne-COBSCCOMP191P-047";
				PRODUCT_NAME = "$(TARGET_NAME)";
				SWIFT_VERSION = 5.0;
				TARGETED_DEVICE_FAMILY = "1,2";
			};
			name = Release;
		};
		0003E5D424FB686700661089 /* Debug */ = {
			isa = XCBuildConfiguration;
			buildSettings = {
				ALWAYS_EMBED_SWIFT_STANDARD_LIBRARIES = YES;
				BUNDLE_LOADER = "$(TEST_HOST)";
				CODE_SIGN_STYLE = Automatic;
				INFOPLIST_FILE = "DinukaThilakarathne-COBSCCOMP191P-047Tests/Info.plist";
				IPHONEOS_DEPLOYMENT_TARGET = 13.6;
				LD_RUNPATH_SEARCH_PATHS = (
					"$(inherited)",
					"@executable_path/Frameworks",
					"@loader_path/Frameworks",
				);
				PRODUCT_BUNDLE_IDENTIFIER = "com.dinukat.lk.DinukaThilakarathne-COBSCCOMP191P-047Tests";
				PRODUCT_NAME = "$(TARGET_NAME)";
				SWIFT_VERSION = 5.0;
				TARGETED_DEVICE_FAMILY = "1,2";
				TEST_HOST = "$(BUILT_PRODUCTS_DIR)/DinukaThilakarathne-COBSCCOMP191P-047.app/DinukaThilakarathne-COBSCCOMP191P-047";
			};
			name = Debug;
		};
		0003E5D524FB686700661089 /* Release */ = {
			isa = XCBuildConfiguration;
			buildSettings = {
				ALWAYS_EMBED_SWIFT_STANDARD_LIBRARIES = YES;
				BUNDLE_LOADER = "$(TEST_HOST)";
				CODE_SIGN_STYLE = Automatic;
				INFOPLIST_FILE = "DinukaThilakarathne-COBSCCOMP191P-047Tests/Info.plist";
				IPHONEOS_DEPLOYMENT_TARGET = 13.6;
				LD_RUNPATH_SEARCH_PATHS = (
					"$(inherited)",
					"@executable_path/Frameworks",
					"@loader_path/Frameworks",
				);
				PRODUCT_BUNDLE_IDENTIFIER = "com.dinukat.lk.DinukaThilakarathne-COBSCCOMP191P-047Tests";
				PRODUCT_NAME = "$(TARGET_NAME)";
				SWIFT_VERSION = 5.0;
				TARGETED_DEVICE_FAMILY = "1,2";
				TEST_HOST = "$(BUILT_PRODUCTS_DIR)/DinukaThilakarathne-COBSCCOMP191P-047.app/DinukaThilakarathne-COBSCCOMP191P-047";
			};
			name = Release;
		};
		0003E5D724FB686700661089 /* Debug */ = {
			isa = XCBuildConfiguration;
			buildSettings = {
				ALWAYS_EMBED_SWIFT_STANDARD_LIBRARIES = YES;
				CODE_SIGN_STYLE = Automatic;
				INFOPLIST_FILE = "DinukaThilakarathne-COBSCCOMP191P-047UITests/Info.plist";
				LD_RUNPATH_SEARCH_PATHS = (
					"$(inherited)",
					"@executable_path/Frameworks",
					"@loader_path/Frameworks",
				);
				PRODUCT_BUNDLE_IDENTIFIER = "com.dinukat.lk.DinukaThilakarathne-COBSCCOMP191P-047UITests";
				PRODUCT_NAME = "$(TARGET_NAME)";
				SWIFT_VERSION = 5.0;
				TARGETED_DEVICE_FAMILY = "1,2";
				TEST_TARGET_NAME = "DinukaThilakarathne-COBSCCOMP191P-047";
			};
			name = Debug;
		};
		0003E5D824FB686700661089 /* Release */ = {
			isa = XCBuildConfiguration;
			buildSettings = {
				ALWAYS_EMBED_SWIFT_STANDARD_LIBRARIES = YES;
				CODE_SIGN_STYLE = Automatic;
				INFOPLIST_FILE = "DinukaThilakarathne-COBSCCOMP191P-047UITests/Info.plist";
				LD_RUNPATH_SEARCH_PATHS = (
					"$(inherited)",
					"@executable_path/Frameworks",
					"@loader_path/Frameworks",
				);
				PRODUCT_BUNDLE_IDENTIFIER = "com.dinukat.lk.DinukaThilakarathne-COBSCCOMP191P-047UITests";
				PRODUCT_NAME = "$(TARGET_NAME)";
				SWIFT_VERSION = 5.0;
				TARGETED_DEVICE_FAMILY = "1,2";
				TEST_TARGET_NAME = "DinukaThilakarathne-COBSCCOMP191P-047";
			};
			name = Release;
		};
/* End XCBuildConfiguration section */

/* Begin XCConfigurationList section */
		0003E5A124FB686400661089 /* Build configuration list for PBXProject "DinukaThilakarathne-COBSCCOMP191P-047" */ = {
			isa = XCConfigurationList;
			buildConfigurations = (
				0003E5CE24FB686700661089 /* Debug */,
				0003E5CF24FB686700661089 /* Release */,
			);
			defaultConfigurationIsVisible = 0;
			defaultConfigurationName = Release;
		};
		0003E5D024FB686700661089 /* Build configuration list for PBXNativeTarget "DinukaThilakarathne-COBSCCOMP191P-047" */ = {
			isa = XCConfigurationList;
			buildConfigurations = (
				0003E5D124FB686700661089 /* Debug */,
				0003E5D224FB686700661089 /* Release */,
			);
			defaultConfigurationIsVisible = 0;
			defaultConfigurationName = Release;
		};
		0003E5D324FB686700661089 /* Build configuration list for PBXNativeTarget "DinukaThilakarathne-COBSCCOMP191P-047Tests" */ = {
			isa = XCConfigurationList;
			buildConfigurations = (
				0003E5D424FB686700661089 /* Debug */,
				0003E5D524FB686700661089 /* Release */,
			);
			defaultConfigurationIsVisible = 0;
			defaultConfigurationName = Release;
		};
		0003E5D624FB686700661089 /* Build configuration list for PBXNativeTarget "DinukaThilakarathne-COBSCCOMP191P-047UITests" */ = {
			isa = XCConfigurationList;
			buildConfigurations = (
				0003E5D724FB686700661089 /* Debug */,
				0003E5D824FB686700661089 /* Release */,
			);
			defaultConfigurationIsVisible = 0;
			defaultConfigurationName = Release;
		};
/* End XCConfigurationList section */
	};
	rootObject = 0003E59E24FB686400661089 /* Project object */;
}
